// !$*UTF8*$!
{
	archiveVersion = 1;
	classes = {
	};
	objectVersion = 45;
	objects = {

/* Begin PBXBuildFile section */
		1D3623260D0F684500981E51 /* iPlurkAppDelegate.m in Sources */ = {isa = PBXBuildFile; fileRef = 1D3623250D0F684500981E51 /* iPlurkAppDelegate.m */; };
		1D60589B0D05DD56006BFB54 /* main.m in Sources */ = {isa = PBXBuildFile; fileRef = 29B97316FDCFA39411CA2CEA /* main.m */; };
		1D60589F0D05DD5A006BFB54 /* Foundation.framework in Frameworks */ = {isa = PBXBuildFile; fileRef = 1D30AB110D05D00D00671497 /* Foundation.framework */; };
		1DF5F4E00D08C38300B7A737 /* UIKit.framework in Frameworks */ = {isa = PBXBuildFile; fileRef = 1DF5F4DF0D08C38300B7A737 /* UIKit.framework */; };
		288765FD0DF74451002DB57D /* CoreGraphics.framework in Frameworks */ = {isa = PBXBuildFile; fileRef = 288765FC0DF74451002DB57D /* CoreGraphics.framework */; };
		343682C70EB779F000C7524A /* PlurkResponsesDisplay.html in Resources */ = {isa = PBXBuildFile; fileRef = 343682710EB779F000C7524A /* PlurkResponsesDisplay.html */; };
		343682C80EB779F000C7524A /* PlurkResponsesSingleResponse.html in Resources */ = {isa = PBXBuildFile; fileRef = 343682720EB779F000C7524A /* PlurkResponsesSingleResponse.html */; };
		343682C90EB779F000C7524A /* ButtonTableViewCell.xib in Resources */ = {isa = PBXBuildFile; fileRef = 343682740EB779F000C7524A /* ButtonTableViewCell.xib */; };
		343682CB0EB779F000C7524A /* LoadMorePlurksCell.xib in Resources */ = {isa = PBXBuildFile; fileRef = 343682760EB779F000C7524A /* LoadMorePlurksCell.xib */; };
		343682CC0EB779F000C7524A /* MainWindow.xib in Resources */ = {isa = PBXBuildFile; fileRef = 343682770EB779F000C7524A /* MainWindow.xib */; };
		343682CD0EB779F000C7524A /* PlurkEntryTableViewCell.xib in Resources */ = {isa = PBXBuildFile; fileRef = 343682780EB779F000C7524A /* PlurkEntryTableViewCell.xib */; };
		343682CE0EB779F000C7524A /* PlurkPlainTextTableViewCell.xib in Resources */ = {isa = PBXBuildFile; fileRef = 343682790EB779F000C7524A /* PlurkPlainTextTableViewCell.xib */; };
		343682CF0EB779F000C7524A /* PlurkQualifierTableViewCell.xib in Resources */ = {isa = PBXBuildFile; fileRef = 3436827A0EB779F000C7524A /* PlurkQualifierTableViewCell.xib */; };
		343682D00EB779F000C7524A /* PlurkResponsesView.xib in Resources */ = {isa = PBXBuildFile; fileRef = 3436827B0EB779F000C7524A /* PlurkResponsesView.xib */; };
		343682D10EB779F000C7524A /* PlurkRichTextTableViewCell.xib in Resources */ = {isa = PBXBuildFile; fileRef = 3436827C0EB779F000C7524A /* PlurkRichTextTableViewCell.xib */; };
		343682D20EB779F000C7524A /* QualifierSelectorTableView.xib in Resources */ = {isa = PBXBuildFile; fileRef = 3436827D0EB779F000C7524A /* QualifierSelectorTableView.xib */; };
		343682D30EB779F000C7524A /* UserTimetableTableView.xib in Resources */ = {isa = PBXBuildFile; fileRef = 3436827E0EB779F000C7524A /* UserTimetableTableView.xib */; };
		343682D40EB779F000C7524A /* SetupView.xib in Resources */ = {isa = PBXBuildFile; fileRef = 3436827F0EB779F000C7524A /* SetupView.xib */; };
		343682D80EB779F000C7524A /* WebPagePreview.xib in Resources */ = {isa = PBXBuildFile; fileRef = 343682830EB779F000C7524A /* WebPagePreview.xib */; };
		343682D90EB779F000C7524A /* WritePlurkTableView.xib in Resources */ = {isa = PBXBuildFile; fileRef = 343682840EB779F000C7524A /* WritePlurkTableView.xib */; };
		343682DA0EB779F000C7524A /* Default.png in Resources */ = {isa = PBXBuildFile; fileRef = 343682860EB779F000C7524A /* Default.png */; };
		343682DC0EB779F000C7524A /* PlurkLogo.png in Resources */ = {isa = PBXBuildFile; fileRef = 343682880EB779F000C7524A /* PlurkLogo.png */; };
		343682DD0EB779F000C7524A /* PrivatePlurk.png in Resources */ = {isa = PBXBuildFile; fileRef = 343682890EB779F000C7524A /* PrivatePlurk.png */; };
		343682DE0EB779F000C7524A /* SelectedUnreadIndicator.png in Resources */ = {isa = PBXBuildFile; fileRef = 3436828A0EB779F000C7524A /* SelectedUnreadIndicator.png */; };
		343682DF0EB779F000C7524A /* UnreadIndicator.png in Resources */ = {isa = PBXBuildFile; fileRef = 3436828B0EB779F000C7524A /* UnreadIndicator.png */; };
		343682E60EB77A3C00C7524A /* Settings.bundle in Resources */ = {isa = PBXBuildFile; fileRef = 343682E50EB77A3C00C7524A /* Settings.bundle */; };
		343682FE0EB77A6C00C7524A /* PlurkResponsesViewController.m in Sources */ = {isa = PBXBuildFile; fileRef = 343682F10EB77A6C00C7524A /* PlurkResponsesViewController.m */; };
		343682FF0EB77A6C00C7524A /* QualifierSelectorTableViewController.m in Sources */ = {isa = PBXBuildFile; fileRef = 343682F30EB77A6C00C7524A /* QualifierSelectorTableViewController.m */; };
		343683000EB77A6C00C7524A /* UserTimelineTableViewController.m in Sources */ = {isa = PBXBuildFile; fileRef = 343682F50EB77A6C00C7524A /* UserTimelineTableViewController.m */; };
		343683010EB77A6C00C7524A /* SetupViewController.m in Sources */ = {isa = PBXBuildFile; fileRef = 343682F70EB77A6C00C7524A /* SetupViewController.m */; };
		343683030EB77A6C00C7524A /* WebPagePreviewController.m in Sources */ = {isa = PBXBuildFile; fileRef = 343682FB0EB77A6C00C7524A /* WebPagePreviewController.m */; };
		343683040EB77A6C00C7524A /* WritePlurkTableViewController.m in Sources */ = {isa = PBXBuildFile; fileRef = 343682FD0EB77A6C00C7524A /* WritePlurkTableViewController.m */; };
		343683180EB77A7400C7524A /* ButtonTableViewCell.m in Sources */ = {isa = PBXBuildFile; fileRef = 343683070EB77A7300C7524A /* ButtonTableViewCell.m */; };
		343683190EB77A7400C7524A /* LoadMorePlurksCell.m in Sources */ = {isa = PBXBuildFile; fileRef = 343683090EB77A7400C7524A /* LoadMorePlurksCell.m */; };
		3436831A0EB77A7400C7524A /* PlurkEntryTableViewCell.m in Sources */ = {isa = PBXBuildFile; fileRef = 3436830B0EB77A7400C7524A /* PlurkEntryTableViewCell.m */; };
		3436831B0EB77A7400C7524A /* PlurkPlainTextTableViewCell.m in Sources */ = {isa = PBXBuildFile; fileRef = 3436830D0EB77A7400C7524A /* PlurkPlainTextTableViewCell.m */; };
		3436831C0EB77A7400C7524A /* PlurkQualifierTableViewCell.m in Sources */ = {isa = PBXBuildFile; fileRef = 3436830F0EB77A7400C7524A /* PlurkQualifierTableViewCell.m */; };
		3436831D0EB77A7400C7524A /* PlurkRichTextTableViewCell.m in Sources */ = {isa = PBXBuildFile; fileRef = 343683110EB77A7400C7524A /* PlurkRichTextTableViewCell.m */; };
		3436832E0EB77A7900C7524A /* MutableURLConnectionDictionary.m in Sources */ = {isa = PBXBuildFile; fileRef = 343683220EB77A7900C7524A /* MutableURLConnectionDictionary.m */; };
		3436832F0EB77A7900C7524A /* Plurk.m in Sources */ = {isa = PBXBuildFile; fileRef = 343683240EB77A7900C7524A /* Plurk.m */; };
		343683300EB77A7900C7524A /* PlurkAPI.m in Sources */ = {isa = PBXBuildFile; fileRef = 343683260EB77A7900C7524A /* PlurkAPI.m */; };
		343683310EB77A7900C7524A /* PlurkAPIRequest.m in Sources */ = {isa = PBXBuildFile; fileRef = 343683290EB77A7900C7524A /* PlurkAPIRequest.m */; };
		343683320EB77A7900C7524A /* PlurkFriend.m in Sources */ = {isa = PBXBuildFile; fileRef = 3436832B0EB77A7900C7524A /* PlurkFriend.m */; };
		343683330EB77A7900C7524A /* ResponsePlurk.m in Sources */ = {isa = PBXBuildFile; fileRef = 3436832D0EB77A7900C7524A /* ResponsePlurk.m */; };
		3436833E0EB77A8D00C7524A /* FileDownloader.m in Sources */ = {isa = PBXBuildFile; fileRef = 343683380EB77A8D00C7524A /* FileDownloader.m */; };
		3436833F0EB77A8D00C7524A /* ProfileImageCache.m in Sources */ = {isa = PBXBuildFile; fileRef = 3436833A0EB77A8D00C7524A /* ProfileImageCache.m */; };
		343683400EB77A8D00C7524A /* WebViewManager.m in Sources */ = {isa = PBXBuildFile; fileRef = 3436833C0EB77A8D00C7524A /* WebViewManager.m */; };
		343683990EB7844F00C7524A /* libicucore.dylib in Frameworks */ = {isa = PBXBuildFile; fileRef = 343683980EB7844F00C7524A /* libicucore.dylib */; };
		343684290EB78AC400C7524A /* PlurkTableViewCell.m in Sources */ = {isa = PBXBuildFile; fileRef = 343684280EB78AC400C7524A /* PlurkTableViewCell.m */; };
		343684590EB78BA800C7524A /* Quartz.c in Sources */ = {isa = PBXBuildFile; fileRef = 343682ED0EB77A4D00C7524A /* Quartz.c */; };
		343684CD0EB797B000C7524A /* PlurkURLs.plist in Resources */ = {isa = PBXBuildFile; fileRef = 343684CB0EB797B000C7524A /* PlurkURLs.plist */; };
		343684CE0EB797B000C7524A /* Qualifiers.plist in Resources */ = {isa = PBXBuildFile; fileRef = 343684CC0EB797B000C7524A /* Qualifiers.plist */; };
		343686300EB7BAE600C7524A /* NoAvatarAvailable.png in Resources */ = {isa = PBXBuildFile; fileRef = 3436862F0EB7BAE600C7524A /* NoAvatarAvailable.png */; };
		349745570F0B8B8C007852B4 /* PlurkFormatting.m in Sources */ = {isa = PBXBuildFile; fileRef = 349745560F0B8B8C007852B4 /* PlurkFormatting.m */; };
		3497467E0F0B8D91007852B4 /* 08a43d50691a1ed22706fc92f568fa07.gif in CopyFiles */ = {isa = PBXBuildFile; fileRef = 349745F80F0B8D49007852B4 /* 08a43d50691a1ed22706fc92f568fa07.gif */; };
		3497467F0F0B8D91007852B4 /* 0f96595ed7733393b93a3d67aa4f2f4f.gif in CopyFiles */ = {isa = PBXBuildFile; fileRef = 349745F90F0B8D49007852B4 /* 0f96595ed7733393b93a3d67aa4f2f4f.gif */; };
		349746800F0B8D91007852B4 /* 11eed61b41a3e935773476ac33bc00d9.gif in CopyFiles */ = {isa = PBXBuildFile; fileRef = 349745FA0F0B8D49007852B4 /* 11eed61b41a3e935773476ac33bc00d9.gif */; };
		349746810F0B8D91007852B4 /* 13b15aa49358be8f47b58552401d7725.gif in CopyFiles */ = {isa = PBXBuildFile; fileRef = 349745FB0F0B8D49007852B4 /* 13b15aa49358be8f47b58552401d7725.gif */; };
		349746820F0B8D91007852B4 /* 150e3f367a063d3baf9720719d78d778.gif in CopyFiles */ = {isa = PBXBuildFile; fileRef = 349745FC0F0B8D49007852B4 /* 150e3f367a063d3baf9720719d78d778.gif */; };
		349746830F0B8D91007852B4 /* 1c890273544559b17f090d09238fa763.gif in CopyFiles */ = {isa = PBXBuildFile; fileRef = 349745FD0F0B8D49007852B4 /* 1c890273544559b17f090d09238fa763.gif */; };
		349746840F0B8D91007852B4 /* 1f44d3984a094fceae1f1a016a730fc9.gif in CopyFiles */ = {isa = PBXBuildFile; fileRef = 349745FE0F0B8D49007852B4 /* 1f44d3984a094fceae1f1a016a730fc9.gif */; };
		349746850F0B8D91007852B4 /* 22416dced8b59446db8cd366cc925d09.gif in CopyFiles */ = {isa = PBXBuildFile; fileRef = 349745FF0F0B8D49007852B4 /* 22416dced8b59446db8cd366cc925d09.gif */; };
		349746860F0B8D91007852B4 /* 261c0fe4a88417146ae0292d697a5f52.gif in CopyFiles */ = {isa = PBXBuildFile; fileRef = 349746000F0B8D49007852B4 /* 261c0fe4a88417146ae0292d697a5f52.gif */; };
		349746870F0B8D91007852B4 /* 2884b8d0e496c06136c86e9c9599edae.gif in CopyFiles */ = {isa = PBXBuildFile; fileRef = 349746010F0B8D49007852B4 /* 2884b8d0e496c06136c86e9c9599edae.gif */; };
		349746880F0B8D91007852B4 /* 2b3593aea68efa7a00b4ef2850f98b8a.gif in CopyFiles */ = {isa = PBXBuildFile; fileRef = 349746020F0B8D49007852B4 /* 2b3593aea68efa7a00b4ef2850f98b8a.gif */; };
		349746890F0B8D91007852B4 /* 3385896779bf1c13188bf92ca516878e.gif in CopyFiles */ = {isa = PBXBuildFile; fileRef = 349746030F0B8D49007852B4 /* 3385896779bf1c13188bf92ca516878e.gif */; };
		3497468A0F0B8D91007852B4 /* 35b16fc25623670e41c2be6bf8ac38c7.gif in CopyFiles */ = {isa = PBXBuildFile; fileRef = 349746040F0B8D49007852B4 /* 35b16fc25623670e41c2be6bf8ac38c7.gif */; };
		3497468B0F0B8D91007852B4 /* 373cd2f23dab7528d4875170d13d64f7.gif in CopyFiles */ = {isa = PBXBuildFile; fileRef = 349746050F0B8D49007852B4 /* 373cd2f23dab7528d4875170d13d64f7.gif */; };
		3497468C0F0B8D91007852B4 /* 3fabe74e992888be701de2a9d80c180a.gif in CopyFiles */ = {isa = PBXBuildFile; fileRef = 349746060F0B8D49007852B4 /* 3fabe74e992888be701de2a9d80c180a.gif */; };
		3497468D0F0B8D91007852B4 /* 48515125401120316abb97666458d05b.gif in CopyFiles */ = {isa = PBXBuildFile; fileRef = 349746070F0B8D49007852B4 /* 48515125401120316abb97666458d05b.gif */; };
		3497468E0F0B8D91007852B4 /* 4afd784c0df9f7a3ceacb92beca543f6.gif in CopyFiles */ = {isa = PBXBuildFile; fileRef = 349746080F0B8D49007852B4 /* 4afd784c0df9f7a3ceacb92beca543f6.gif */; };
		3497468F0F0B8D91007852B4 /* 4f01bac8a707e5450307f97065ec0fa7.gif in CopyFiles */ = {isa = PBXBuildFile; fileRef = 349746090F0B8D49007852B4 /* 4f01bac8a707e5450307f97065ec0fa7.gif */; };
		349746900F0B8D91007852B4 /* 52991d7ff65a05526454bd1170a0f14c.gif in CopyFiles */ = {isa = PBXBuildFile; fileRef = 3497460A0F0B8D49007852B4 /* 52991d7ff65a05526454bd1170a0f14c.gif */; };
		349746910F0B8D91007852B4 /* 5495d64ccb898ca596b061168fa0374a.gif in CopyFiles */ = {isa = PBXBuildFile; fileRef = 3497460B0F0B8D49007852B4 /* 5495d64ccb898ca596b061168fa0374a.gif */; };
		349746920F0B8D91007852B4 /* 56336bb821c4766001816639e55e5811.gif in CopyFiles */ = {isa = PBXBuildFile; fileRef = 3497460C0F0B8D49007852B4 /* 56336bb821c4766001816639e55e5811.gif */; };
		349746930F0B8D91007852B4 /* 57c69f50e40a283dcd2e7b56fc191abe.gif in CopyFiles */ = {isa = PBXBuildFile; fileRef = 3497460D0F0B8D49007852B4 /* 57c69f50e40a283dcd2e7b56fc191abe.gif */; };
		349746940F0B8D91007852B4 /* 615f18f7ea8abc608c4c20eaa667883b.gif in CopyFiles */ = {isa = PBXBuildFile; fileRef = 3497460E0F0B8D49007852B4 /* 615f18f7ea8abc608c4c20eaa667883b.gif */; };
		349746950F0B8D91007852B4 /* 627a5ddad41c22fb7e94305f0fd9b8e8.gif in CopyFiles */ = {isa = PBXBuildFile; fileRef = 3497460F0F0B8D49007852B4 /* 627a5ddad41c22fb7e94305f0fd9b8e8.gif */; };
		349746960F0B8D91007852B4 /* 65271ac2126706bc09d31ff67c525d67.gif in CopyFiles */ = {isa = PBXBuildFile; fileRef = 349746100F0B8D49007852B4 /* 65271ac2126706bc09d31ff67c525d67.gif */; };
		349746970F0B8D91007852B4 /* 6cb1dc388b9259565efedef8f336d27d.gif in CopyFiles */ = {isa = PBXBuildFile; fileRef = 349746110F0B8D49007852B4 /* 6cb1dc388b9259565efedef8f336d27d.gif */; };
		349746980F0B8D91007852B4 /* 72ddf2c585fe77dd0be731b19624d8cb.gif in CopyFiles */ = {isa = PBXBuildFile; fileRef = 349746120F0B8D49007852B4 /* 72ddf2c585fe77dd0be731b19624d8cb.gif */; };
		349746990F0B8D91007852B4 /* 8073c1716e75d32eb79f97a9f521fa01.gif in CopyFiles */ = {isa = PBXBuildFile; fileRef = 349746130F0B8D49007852B4 /* 8073c1716e75d32eb79f97a9f521fa01.gif */; };
		3497469A0F0B8D91007852B4 /* 843739a95294fd0bf4c958840b46408f.gif in CopyFiles */ = {isa = PBXBuildFile; fileRef = 349746140F0B8D49007852B4 /* 843739a95294fd0bf4c958840b46408f.gif */; };
		3497469B0F0B8D91007852B4 /* 846277f0a154dc95a08594b7d32a5ccd.gif in CopyFiles */ = {isa = PBXBuildFile; fileRef = 349746150F0B8D49007852B4 /* 846277f0a154dc95a08594b7d32a5ccd.gif */; };
		3497469C0F0B8D91007852B4 /* 85ef5fa01a6a67a525429f8bf4279fe7.gif in CopyFiles */ = {isa = PBXBuildFile; fileRef = 349746160F0B8D49007852B4 /* 85ef5fa01a6a67a525429f8bf4279fe7.gif */; };
		3497469D0F0B8D91007852B4 /* 8600839dc03e6275b53fd03a0eba09cf.gif in CopyFiles */ = {isa = PBXBuildFile; fileRef = 349746170F0B8D49007852B4 /* 8600839dc03e6275b53fd03a0eba09cf.gif */; };
		3497469E0F0B8D91007852B4 /* 8738c7a1c402f41b5319abe504ce9687.gif in CopyFiles */ = {isa = PBXBuildFile; fileRef = 349746180F0B8D49007852B4 /* 8738c7a1c402f41b5319abe504ce9687.gif */; };
		3497469F0F0B8D91007852B4 /* 8863234ebea13f109c9b15ba19a4531c.gif in CopyFiles */ = {isa = PBXBuildFile; fileRef = 349746190F0B8D49007852B4 /* 8863234ebea13f109c9b15ba19a4531c.gif */; };
		349746A00F0B8D91007852B4 /* 8eb05ca7a32301ba16c9496bcad893c4.gif in CopyFiles */ = {isa = PBXBuildFile; fileRef = 3497461A0F0B8D49007852B4 /* 8eb05ca7a32301ba16c9496bcad893c4.gif */; };
		349746A10F0B8D91007852B4 /* 900f3dd0adaad9142d567caf6bfb1311.gif in CopyFiles */ = {isa = PBXBuildFile; fileRef = 3497461B0F0B8D49007852B4 /* 900f3dd0adaad9142d567caf6bfb1311.gif */; };
		349746A20F0B8D91007852B4 /* 919b87048fdf7bd59dae457f4284b20b.gif in CopyFiles */ = {isa = PBXBuildFile; fileRef = 3497461C0F0B8D49007852B4 /* 919b87048fdf7bd59dae457f4284b20b.gif */; };
		349746A30F0B8D91007852B4 /* 9454d15bcaf411b159dcc147ebc3f0eb.gif in CopyFiles */ = {isa = PBXBuildFile; fileRef = 3497461D0F0B8D49007852B4 /* 9454d15bcaf411b159dcc147ebc3f0eb.gif */; };
		349746A40F0B8D91007852B4 /* 95ace5ba1097301b5206a9e0fb431624.gif in CopyFiles */ = {isa = PBXBuildFile; fileRef = 3497461E0F0B8D49007852B4 /* 95ace5ba1097301b5206a9e0fb431624.gif */; };
		349746A50F0B8D91007852B4 /* 95e69aa508d4bb435706b9db0a610dad.gif in CopyFiles */ = {isa = PBXBuildFile; fileRef = 3497461F0F0B8D49007852B4 /* 95e69aa508d4bb435706b9db0a610dad.gif */; };
		349746A60F0B8D91007852B4 /* 96872d481bbfe87aad5aed976c7de4ee.gif in CopyFiles */ = {isa = PBXBuildFile; fileRef = 349746200F0B8D49007852B4 /* 96872d481bbfe87aad5aed976c7de4ee.gif */; };
		349746A70F0B8D91007852B4 /* 986ecf2b1ae69072e0195b0a58545900.gif in CopyFiles */ = {isa = PBXBuildFile; fileRef = 349746210F0B8D49007852B4 /* 986ecf2b1ae69072e0195b0a58545900.gif */; };
		349746A80F0B8D91007852B4 /* 99ef3957ef779718546752b749bdeabd.gif in CopyFiles */ = {isa = PBXBuildFile; fileRef = 349746220F0B8D49007852B4 /* 99ef3957ef779718546752b749bdeabd.gif */; };
		349746A90F0B8D91007852B4 /* 9b6f4864c822e1a97c98507c2b41a74f.gif in CopyFiles */ = {isa = PBXBuildFile; fileRef = 349746230F0B8D49007852B4 /* 9b6f4864c822e1a97c98507c2b41a74f.gif */; };
		349746AA0F0B8D91007852B4 /* 9ed224b628ed26d11e46e42138b95ac2.gif in CopyFiles */ = {isa = PBXBuildFile; fileRef = 349746240F0B8D49007852B4 /* 9ed224b628ed26d11e46e42138b95ac2.gif */; };
		349746AB0F0B8D91007852B4 /* a08ed27ec14b48d4703f53f7eb94834b.gif in CopyFiles */ = {isa = PBXBuildFile; fileRef = 349746250F0B8D49007852B4 /* a08ed27ec14b48d4703f53f7eb94834b.gif */; };
		349746AC0F0B8D91007852B4 /* a55bdb344892676b0fea545354654a49.gif in CopyFiles */ = {isa = PBXBuildFile; fileRef = 349746260F0B8D49007852B4 /* a55bdb344892676b0fea545354654a49.gif */; };
		349746AD0F0B8D91007852B4 /* a5ae31c4185bc60cd006650dc10f8147.gif in CopyFiles */ = {isa = PBXBuildFile; fileRef = 349746270F0B8D49007852B4 /* a5ae31c4185bc60cd006650dc10f8147.gif */; };
		349746AE0F0B8D91007852B4 /* a709dab8ddd26bd222466d31bd549579.png in CopyFiles */ = {isa = PBXBuildFile; fileRef = 349746280F0B8D49007852B4 /* a709dab8ddd26bd222466d31bd549579.png */; };
		349746AF0F0B8D91007852B4 /* a9560787e93f4f8890e4bd38696ba537.gif in CopyFiles */ = {isa = PBXBuildFile; fileRef = 349746290F0B8D49007852B4 /* a9560787e93f4f8890e4bd38696ba537.gif */; };
		349746B00F0B8D91007852B4 /* aabbc82c2b0dc72bfbce2f82c97a95e8.gif in CopyFiles */ = {isa = PBXBuildFile; fileRef = 3497462A0F0B8D49007852B4 /* aabbc82c2b0dc72bfbce2f82c97a95e8.gif */; };
		349746B10F0B8D91007852B4 /* b0b0596acce9ffc1f2a27548aa642eaf.gif in CopyFiles */ = {isa = PBXBuildFile; fileRef = 3497462B0F0B8D49007852B4 /* b0b0596acce9ffc1f2a27548aa642eaf.gif */; };
		349746B20F0B8D91007852B4 /* b62d1e55e8311af5bc7526c595ac1dbb.gif in CopyFiles */ = {isa = PBXBuildFile; fileRef = 3497462C0F0B8D49007852B4 /* b62d1e55e8311af5bc7526c595ac1dbb.gif */; };
		349746B30F0B8D91007852B4 /* b82e3225c92a764d225429a6487d9f04.gif in CopyFiles */ = {isa = PBXBuildFile; fileRef = 3497462D0F0B8D49007852B4 /* b82e3225c92a764d225429a6487d9f04.gif */; };
		349746B40F0B8D91007852B4 /* c1c9870cf653fa3cd103d2eb0f519ccb.gif in CopyFiles */ = {isa = PBXBuildFile; fileRef = 3497462E0F0B8D49007852B4 /* c1c9870cf653fa3cd103d2eb0f519ccb.gif */; };
		349746B50F0B8D91007852B4 /* ced6d40bebe2d424b59322b311fc04bb.gif in CopyFiles */ = {isa = PBXBuildFile; fileRef = 3497462F0F0B8D49007852B4 /* ced6d40bebe2d424b59322b311fc04bb.gif */; };
		349746B60F0B8D91007852B4 /* d1a6f08507b126ec6a215e6a2372e8bb.gif in CopyFiles */ = {isa = PBXBuildFile; fileRef = 349746300F0B8D49007852B4 /* d1a6f08507b126ec6a215e6a2372e8bb.gif */; };
		349746B70F0B8D91007852B4 /* db4c4a7d141fdcaca4d4b11f8fb360db.gif in CopyFiles */ = {isa = PBXBuildFile; fileRef = 349746310F0B8D49007852B4 /* db4c4a7d141fdcaca4d4b11f8fb360db.gif */; };
		349746B80F0B8D91007852B4 /* e3baa9d0d78c35e955a6b07c39f530fa.gif in CopyFiles */ = {isa = PBXBuildFile; fileRef = 349746320F0B8D49007852B4 /* e3baa9d0d78c35e955a6b07c39f530fa.gif */; };
		349746B90F0B8D91007852B4 /* e49c8ae965452550c98fc7f99741ae0d.gif in CopyFiles */ = {isa = PBXBuildFile; fileRef = 349746330F0B8D49007852B4 /* e49c8ae965452550c98fc7f99741ae0d.gif */; };
		349746BA0F0B8D91007852B4 /* e6bb16b6ef386c5f23900b103dbdba31.gif in CopyFiles */ = {isa = PBXBuildFile; fileRef = 349746340F0B8D49007852B4 /* e6bb16b6ef386c5f23900b103dbdba31.gif */; };
		349746BB0F0B8D91007852B4 /* e8ed6c7eed76d2acd9dbf469f29fbec2.gif in CopyFiles */ = {isa = PBXBuildFile; fileRef = 349746350F0B8D49007852B4 /* e8ed6c7eed76d2acd9dbf469f29fbec2.gif */; };
		349746BC0F0B8D91007852B4 /* ed3620ff28a02e3dc9ac4ffa8e6ae2e6.gif in CopyFiles */ = {isa = PBXBuildFile; fileRef = 349746360F0B8D49007852B4 /* ed3620ff28a02e3dc9ac4ffa8e6ae2e6.gif */; };
		349746BD0F0B8D91007852B4 /* f053074bcce500fbd1e2327d49748a6d.gif in CopyFiles */ = {isa = PBXBuildFile; fileRef = 349746370F0B8D49007852B4 /* f053074bcce500fbd1e2327d49748a6d.gif */; };
		349746BE0F0B8D91007852B4 /* ff124032f8cc3a9d43b99e661f8fcb4d.gif in CopyFiles */ = {isa = PBXBuildFile; fileRef = 349746380F0B8D49007852B4 /* ff124032f8cc3a9d43b99e661f8fcb4d.gif */; };
		34CB4D270EAFDDA80089842C /* RegexKitLite.m in Sources */ = {isa = PBXBuildFile; fileRef = 34CB4D260EAFDDA80089842C /* RegexKitLite.m */; };
		89010FED0EBCDBA500E990A7 /* FileUploadPending.xib in Resources */ = {isa = PBXBuildFile; fileRef = 89010FEC0EBCDBA500E990A7 /* FileUploadPending.xib */; };
		890110000EBCDD3400E990A7 /* PlurkResponsesLoading.html in Resources */ = {isa = PBXBuildFile; fileRef = 89010FFF0EBCDD3400E990A7 /* PlurkResponsesLoading.html */; };
		890110330EBCE08300E990A7 /* LargeWhiteProgressIndicator.gif in Resources */ = {isa = PBXBuildFile; fileRef = 890110320EBCE08300E990A7 /* LargeWhiteProgressIndicator.gif */; };
		896700EE0EDCD052003BEE39 /* Qualifiers.css in Resources */ = {isa = PBXBuildFile; fileRef = 896700ED0EDCD052003BEE39 /* Qualifiers.css */; };
		8967013F0EDCD79C003BEE39 /* RichTextPlurkTableCell.html in Resources */ = {isa = PBXBuildFile; fileRef = 8967013E0EDCD79C003BEE39 /* RichTextPlurkTableCell.html */; };
		899F50F40F12990B0057BBA0 /* 92b595a573d25dd5e39a57b5d56d4d03.gif in CopyFiles */ = {isa = PBXBuildFile; fileRef = 899F50E90F1298C40057BBA0 /* 92b595a573d25dd5e39a57b5d56d4d03.gif */; };
		89A2B2EF0EE1ADC7009B2C82 /* Icon.png in Resources */ = {isa = PBXBuildFile; fileRef = 89A2B2EE0EE1ADC7009B2C82 /* Icon.png */; };
		89A3B45F0EEB589300EC6DBF /* GenericPlurkTimelineView.xib in Resources */ = {isa = PBXBuildFile; fileRef = 89A3B45E0EEB589300EC6DBF /* GenericPlurkTimelineView.xib */; };
		89A3B46C0EEB598F00EC6DBF /* GenericPlurkTimelineViewController.m in Sources */ = {isa = PBXBuildFile; fileRef = 89A3B46B0EEB598F00EC6DBF /* GenericPlurkTimelineViewController.m */; };
		89CD0C960F3133410075FE75 /* QualifierDetails.plist in Resources */ = {isa = PBXBuildFile; fileRef = 89CD0C950F3133410075FE75 /* QualifierDetails.plist */; };
		89CD0CA70F3135AC0075FE75 /* Qualifiers.m in Sources */ = {isa = PBXBuildFile; fileRef = 89CD0CA60F3135AC0075FE75 /* Qualifiers.m */; };
		89DD38F30F1BB9A300190BB5 /* Unread.png in Resources */ = {isa = PBXBuildFile; fileRef = 89DD38F20F1BB9A300190BB5 /* Unread.png */; };
		89E99E590EE087B10046FB0D /* Compass.png in Resources */ = {isa = PBXBuildFile; fileRef = 89E99E580EE087B10046FB0D /* Compass.png */; };
/* End PBXBuildFile section */

/* Begin PBXCopyFilesBuildPhase section */
		343684070EB786D700C7524A /* CopyFiles */ = {
			isa = PBXCopyFilesBuildPhase;
			buildActionMask = 2147483647;
			dstPath = statics;
			dstSubfolderSpec = 7;
			files = (
				3497467E0F0B8D91007852B4 /* 08a43d50691a1ed22706fc92f568fa07.gif in CopyFiles */,
				3497467F0F0B8D91007852B4 /* 0f96595ed7733393b93a3d67aa4f2f4f.gif in CopyFiles */,
				349746800F0B8D91007852B4 /* 11eed61b41a3e935773476ac33bc00d9.gif in CopyFiles */,
				349746810F0B8D91007852B4 /* 13b15aa49358be8f47b58552401d7725.gif in CopyFiles */,
				349746820F0B8D91007852B4 /* 150e3f367a063d3baf9720719d78d778.gif in CopyFiles */,
				349746830F0B8D91007852B4 /* 1c890273544559b17f090d09238fa763.gif in CopyFiles */,
				349746840F0B8D91007852B4 /* 1f44d3984a094fceae1f1a016a730fc9.gif in CopyFiles */,
				349746850F0B8D91007852B4 /* 22416dced8b59446db8cd366cc925d09.gif in CopyFiles */,
				349746860F0B8D91007852B4 /* 261c0fe4a88417146ae0292d697a5f52.gif in CopyFiles */,
				349746870F0B8D91007852B4 /* 2884b8d0e496c06136c86e9c9599edae.gif in CopyFiles */,
				349746880F0B8D91007852B4 /* 2b3593aea68efa7a00b4ef2850f98b8a.gif in CopyFiles */,
				349746890F0B8D91007852B4 /* 3385896779bf1c13188bf92ca516878e.gif in CopyFiles */,
				3497468A0F0B8D91007852B4 /* 35b16fc25623670e41c2be6bf8ac38c7.gif in CopyFiles */,
				3497468B0F0B8D91007852B4 /* 373cd2f23dab7528d4875170d13d64f7.gif in CopyFiles */,
				3497468C0F0B8D91007852B4 /* 3fabe74e992888be701de2a9d80c180a.gif in CopyFiles */,
				3497468D0F0B8D91007852B4 /* 48515125401120316abb97666458d05b.gif in CopyFiles */,
				3497468E0F0B8D91007852B4 /* 4afd784c0df9f7a3ceacb92beca543f6.gif in CopyFiles */,
				3497468F0F0B8D91007852B4 /* 4f01bac8a707e5450307f97065ec0fa7.gif in CopyFiles */,
				349746900F0B8D91007852B4 /* 52991d7ff65a05526454bd1170a0f14c.gif in CopyFiles */,
				349746910F0B8D91007852B4 /* 5495d64ccb898ca596b061168fa0374a.gif in CopyFiles */,
				349746920F0B8D91007852B4 /* 56336bb821c4766001816639e55e5811.gif in CopyFiles */,
				349746930F0B8D91007852B4 /* 57c69f50e40a283dcd2e7b56fc191abe.gif in CopyFiles */,
				349746940F0B8D91007852B4 /* 615f18f7ea8abc608c4c20eaa667883b.gif in CopyFiles */,
				349746950F0B8D91007852B4 /* 627a5ddad41c22fb7e94305f0fd9b8e8.gif in CopyFiles */,
				349746960F0B8D91007852B4 /* 65271ac2126706bc09d31ff67c525d67.gif in CopyFiles */,
				349746970F0B8D91007852B4 /* 6cb1dc388b9259565efedef8f336d27d.gif in CopyFiles */,
				349746980F0B8D91007852B4 /* 72ddf2c585fe77dd0be731b19624d8cb.gif in CopyFiles */,
				349746990F0B8D91007852B4 /* 8073c1716e75d32eb79f97a9f521fa01.gif in CopyFiles */,
				3497469A0F0B8D91007852B4 /* 843739a95294fd0bf4c958840b46408f.gif in CopyFiles */,
				3497469B0F0B8D91007852B4 /* 846277f0a154dc95a08594b7d32a5ccd.gif in CopyFiles */,
				3497469C0F0B8D91007852B4 /* 85ef5fa01a6a67a525429f8bf4279fe7.gif in CopyFiles */,
				3497469D0F0B8D91007852B4 /* 8600839dc03e6275b53fd03a0eba09cf.gif in CopyFiles */,
				3497469E0F0B8D91007852B4 /* 8738c7a1c402f41b5319abe504ce9687.gif in CopyFiles */,
				3497469F0F0B8D91007852B4 /* 8863234ebea13f109c9b15ba19a4531c.gif in CopyFiles */,
				349746A00F0B8D91007852B4 /* 8eb05ca7a32301ba16c9496bcad893c4.gif in CopyFiles */,
				349746A10F0B8D91007852B4 /* 900f3dd0adaad9142d567caf6bfb1311.gif in CopyFiles */,
				349746A20F0B8D91007852B4 /* 919b87048fdf7bd59dae457f4284b20b.gif in CopyFiles */,
				899F50F40F12990B0057BBA0 /* 92b595a573d25dd5e39a57b5d56d4d03.gif in CopyFiles */,
				349746A30F0B8D91007852B4 /* 9454d15bcaf411b159dcc147ebc3f0eb.gif in CopyFiles */,
				349746A40F0B8D91007852B4 /* 95ace5ba1097301b5206a9e0fb431624.gif in CopyFiles */,
				349746A50F0B8D91007852B4 /* 95e69aa508d4bb435706b9db0a610dad.gif in CopyFiles */,
				349746A60F0B8D91007852B4 /* 96872d481bbfe87aad5aed976c7de4ee.gif in CopyFiles */,
				349746A70F0B8D91007852B4 /* 986ecf2b1ae69072e0195b0a58545900.gif in CopyFiles */,
				349746A80F0B8D91007852B4 /* 99ef3957ef779718546752b749bdeabd.gif in CopyFiles */,
				349746A90F0B8D91007852B4 /* 9b6f4864c822e1a97c98507c2b41a74f.gif in CopyFiles */,
				349746AA0F0B8D91007852B4 /* 9ed224b628ed26d11e46e42138b95ac2.gif in CopyFiles */,
				349746AB0F0B8D91007852B4 /* a08ed27ec14b48d4703f53f7eb94834b.gif in CopyFiles */,
				349746AC0F0B8D91007852B4 /* a55bdb344892676b0fea545354654a49.gif in CopyFiles */,
				349746AD0F0B8D91007852B4 /* a5ae31c4185bc60cd006650dc10f8147.gif in CopyFiles */,
				349746AE0F0B8D91007852B4 /* a709dab8ddd26bd222466d31bd549579.png in CopyFiles */,
				349746AF0F0B8D91007852B4 /* a9560787e93f4f8890e4bd38696ba537.gif in CopyFiles */,
				349746B00F0B8D91007852B4 /* aabbc82c2b0dc72bfbce2f82c97a95e8.gif in CopyFiles */,
				349746B10F0B8D91007852B4 /* b0b0596acce9ffc1f2a27548aa642eaf.gif in CopyFiles */,
				349746B20F0B8D91007852B4 /* b62d1e55e8311af5bc7526c595ac1dbb.gif in CopyFiles */,
				349746B30F0B8D91007852B4 /* b82e3225c92a764d225429a6487d9f04.gif in CopyFiles */,
				349746B40F0B8D91007852B4 /* c1c9870cf653fa3cd103d2eb0f519ccb.gif in CopyFiles */,
				349746B50F0B8D91007852B4 /* ced6d40bebe2d424b59322b311fc04bb.gif in CopyFiles */,
				349746B60F0B8D91007852B4 /* d1a6f08507b126ec6a215e6a2372e8bb.gif in CopyFiles */,
				349746B70F0B8D91007852B4 /* db4c4a7d141fdcaca4d4b11f8fb360db.gif in CopyFiles */,
				349746B80F0B8D91007852B4 /* e3baa9d0d78c35e955a6b07c39f530fa.gif in CopyFiles */,
				349746B90F0B8D91007852B4 /* e49c8ae965452550c98fc7f99741ae0d.gif in CopyFiles */,
				349746BA0F0B8D91007852B4 /* e6bb16b6ef386c5f23900b103dbdba31.gif in CopyFiles */,
				349746BB0F0B8D91007852B4 /* e8ed6c7eed76d2acd9dbf469f29fbec2.gif in CopyFiles */,
				349746BC0F0B8D91007852B4 /* ed3620ff28a02e3dc9ac4ffa8e6ae2e6.gif in CopyFiles */,
				349746BD0F0B8D91007852B4 /* f053074bcce500fbd1e2327d49748a6d.gif in CopyFiles */,
				349746BE0F0B8D91007852B4 /* ff124032f8cc3a9d43b99e661f8fcb4d.gif in CopyFiles */,
			);
			runOnlyForDeploymentPostprocessing = 0;
		};
/* End PBXCopyFilesBuildPhase section */

/* Begin PBXFileReference section */
		1D30AB110D05D00D00671497 /* Foundation.framework */ = {isa = PBXFileReference; lastKnownFileType = wrapper.framework; name = Foundation.framework; path = System/Library/Frameworks/Foundation.framework; sourceTree = SDKROOT; };
		1D3623240D0F684500981E51 /* iPlurkAppDelegate.h */ = {isa = PBXFileReference; fileEncoding = 4; lastKnownFileType = sourcecode.c.h; path = iPlurkAppDelegate.h; sourceTree = "<group>"; };
		1D3623250D0F684500981E51 /* iPlurkAppDelegate.m */ = {isa = PBXFileReference; fileEncoding = 4; lastKnownFileType = sourcecode.c.objc; path = iPlurkAppDelegate.m; sourceTree = "<group>"; };
		1D6058910D05DD3D006BFB54 /* iPlurk.app */ = {isa = PBXFileReference; explicitFileType = wrapper.application; includeInIndex = 0; path = iPlurk.app; sourceTree = BUILT_PRODUCTS_DIR; };
		1DF5F4DF0D08C38300B7A737 /* UIKit.framework */ = {isa = PBXFileReference; lastKnownFileType = wrapper.framework; name = UIKit.framework; path = System/Library/Frameworks/UIKit.framework; sourceTree = SDKROOT; };
		288765FC0DF74451002DB57D /* CoreGraphics.framework */ = {isa = PBXFileReference; lastKnownFileType = wrapper.framework; name = CoreGraphics.framework; path = System/Library/Frameworks/CoreGraphics.framework; sourceTree = SDKROOT; };
		29B97316FDCFA39411CA2CEA /* main.m */ = {isa = PBXFileReference; fileEncoding = 4; lastKnownFileType = sourcecode.c.objc; path = main.m; sourceTree = "<group>"; };
		32CA4F630368D1EE00C91783 /* iPlurk_Prefix.pch */ = {isa = PBXFileReference; fileEncoding = 4; lastKnownFileType = sourcecode.c.h; path = iPlurk_Prefix.pch; sourceTree = "<group>"; };
		343682710EB779F000C7524A /* PlurkResponsesDisplay.html */ = {isa = PBXFileReference; fileEncoding = 4; lastKnownFileType = text.html; path = PlurkResponsesDisplay.html; sourceTree = "<group>"; };
		343682720EB779F000C7524A /* PlurkResponsesSingleResponse.html */ = {isa = PBXFileReference; fileEncoding = 4; lastKnownFileType = text.html; path = PlurkResponsesSingleResponse.html; sourceTree = "<group>"; };
		343682740EB779F000C7524A /* ButtonTableViewCell.xib */ = {isa = PBXFileReference; lastKnownFileType = file.xib; path = ButtonTableViewCell.xib; sourceTree = "<group>"; };
		343682760EB779F000C7524A /* LoadMorePlurksCell.xib */ = {isa = PBXFileReference; lastKnownFileType = file.xib; path = LoadMorePlurksCell.xib; sourceTree = "<group>"; };
		343682770EB779F000C7524A /* MainWindow.xib */ = {isa = PBXFileReference; lastKnownFileType = file.xib; path = MainWindow.xib; sourceTree = "<group>"; };
		343682780EB779F000C7524A /* PlurkEntryTableViewCell.xib */ = {isa = PBXFileReference; lastKnownFileType = file.xib; path = PlurkEntryTableViewCell.xib; sourceTree = "<group>"; };
		343682790EB779F000C7524A /* PlurkPlainTextTableViewCell.xib */ = {isa = PBXFileReference; lastKnownFileType = file.xib; path = PlurkPlainTextTableViewCell.xib; sourceTree = "<group>"; };
		3436827A0EB779F000C7524A /* PlurkQualifierTableViewCell.xib */ = {isa = PBXFileReference; lastKnownFileType = file.xib; path = PlurkQualifierTableViewCell.xib; sourceTree = "<group>"; };
		3436827B0EB779F000C7524A /* PlurkResponsesView.xib */ = {isa = PBXFileReference; lastKnownFileType = file.xib; path = PlurkResponsesView.xib; sourceTree = "<group>"; };
		3436827C0EB779F000C7524A /* PlurkRichTextTableViewCell.xib */ = {isa = PBXFileReference; lastKnownFileType = file.xib; path = PlurkRichTextTableViewCell.xib; sourceTree = "<group>"; };
		3436827D0EB779F000C7524A /* QualifierSelectorTableView.xib */ = {isa = PBXFileReference; lastKnownFileType = file.xib; path = QualifierSelectorTableView.xib; sourceTree = "<group>"; };
		3436827E0EB779F000C7524A /* UserTimetableTableView.xib */ = {isa = PBXFileReference; lastKnownFileType = file.xib; path = UserTimetableTableView.xib; sourceTree = "<group>"; };
		3436827F0EB779F000C7524A /* SetupView.xib */ = {isa = PBXFileReference; lastKnownFileType = file.xib; path = SetupView.xib; sourceTree = "<group>"; };
		343682830EB779F000C7524A /* WebPagePreview.xib */ = {isa = PBXFileReference; lastKnownFileType = file.xib; path = WebPagePreview.xib; sourceTree = "<group>"; };
		343682840EB779F000C7524A /* WritePlurkTableView.xib */ = {isa = PBXFileReference; lastKnownFileType = file.xib; path = WritePlurkTableView.xib; sourceTree = "<group>"; };
		343682860EB779F000C7524A /* Default.png */ = {isa = PBXFileReference; lastKnownFileType = image.png; path = Default.png; sourceTree = "<group>"; };
		343682880EB779F000C7524A /* PlurkLogo.png */ = {isa = PBXFileReference; lastKnownFileType = image.png; path = PlurkLogo.png; sourceTree = "<group>"; };
		343682890EB779F000C7524A /* PrivatePlurk.png */ = {isa = PBXFileReference; lastKnownFileType = image.png; path = PrivatePlurk.png; sourceTree = "<group>"; };
		3436828A0EB779F000C7524A /* SelectedUnreadIndicator.png */ = {isa = PBXFileReference; lastKnownFileType = image.png; path = SelectedUnreadIndicator.png; sourceTree = "<group>"; };
		3436828B0EB779F000C7524A /* UnreadIndicator.png */ = {isa = PBXFileReference; lastKnownFileType = image.png; path = UnreadIndicator.png; sourceTree = "<group>"; };
		343682E50EB77A3C00C7524A /* Settings.bundle */ = {isa = PBXFileReference; lastKnownFileType = "wrapper.plug-in"; path = Settings.bundle; sourceTree = "<group>"; };
		343682EC0EB77A4D00C7524A /* Quartz.h */ = {isa = PBXFileReference; fileEncoding = 4; lastKnownFileType = sourcecode.c.h; path = Quartz.h; sourceTree = "<group>"; };
		343682ED0EB77A4D00C7524A /* Quartz.c */ = {isa = PBXFileReference; fileEncoding = 4; lastKnownFileType = sourcecode.c.c; path = Quartz.c; sourceTree = "<group>"; };
		343682F00EB77A6C00C7524A /* PlurkResponsesViewController.h */ = {isa = PBXFileReference; fileEncoding = 4; lastKnownFileType = sourcecode.c.h; path = PlurkResponsesViewController.h; sourceTree = "<group>"; };
		343682F10EB77A6C00C7524A /* PlurkResponsesViewController.m */ = {isa = PBXFileReference; fileEncoding = 4; lastKnownFileType = sourcecode.c.objc; path = PlurkResponsesViewController.m; sourceTree = "<group>"; };
		343682F20EB77A6C00C7524A /* QualifierSelectorTableViewController.h */ = {isa = PBXFileReference; fileEncoding = 4; lastKnownFileType = sourcecode.c.h; path = QualifierSelectorTableViewController.h; sourceTree = "<group>"; };
		343682F30EB77A6C00C7524A /* QualifierSelectorTableViewController.m */ = {isa = PBXFileReference; fileEncoding = 4; lastKnownFileType = sourcecode.c.objc; path = QualifierSelectorTableViewController.m; sourceTree = "<group>"; };
		343682F40EB77A6C00C7524A /* UserTimelineTableViewController.h */ = {isa = PBXFileReference; fileEncoding = 4; lastKnownFileType = sourcecode.c.h; path = UserTimelineTableViewController.h; sourceTree = "<group>"; };
		343682F50EB77A6C00C7524A /* UserTimelineTableViewController.m */ = {isa = PBXFileReference; fileEncoding = 4; lastKnownFileType = sourcecode.c.objc; path = UserTimelineTableViewController.m; sourceTree = "<group>"; };
		343682F60EB77A6C00C7524A /* SetupViewController.h */ = {isa = PBXFileReference; fileEncoding = 4; lastKnownFileType = sourcecode.c.h; path = SetupViewController.h; sourceTree = "<group>"; };
		343682F70EB77A6C00C7524A /* SetupViewController.m */ = {isa = PBXFileReference; fileEncoding = 4; lastKnownFileType = sourcecode.c.objc; path = SetupViewController.m; sourceTree = "<group>"; };
		343682FA0EB77A6C00C7524A /* WebPagePreviewController.h */ = {isa = PBXFileReference; fileEncoding = 4; lastKnownFileType = sourcecode.c.h; path = WebPagePreviewController.h; sourceTree = "<group>"; };
		343682FB0EB77A6C00C7524A /* WebPagePreviewController.m */ = {isa = PBXFileReference; fileEncoding = 4; lastKnownFileType = sourcecode.c.objc; path = WebPagePreviewController.m; sourceTree = "<group>"; };
		343682FC0EB77A6C00C7524A /* WritePlurkTableViewController.h */ = {isa = PBXFileReference; fileEncoding = 4; lastKnownFileType = sourcecode.c.h; path = WritePlurkTableViewController.h; sourceTree = "<group>"; };
		343682FD0EB77A6C00C7524A /* WritePlurkTableViewController.m */ = {isa = PBXFileReference; fileEncoding = 4; lastKnownFileType = sourcecode.c.objc; path = WritePlurkTableViewController.m; sourceTree = "<group>"; };
		343683060EB77A7300C7524A /* ButtonTableViewCell.h */ = {isa = PBXFileReference; fileEncoding = 4; lastKnownFileType = sourcecode.c.h; path = ButtonTableViewCell.h; sourceTree = "<group>"; };
		343683070EB77A7300C7524A /* ButtonTableViewCell.m */ = {isa = PBXFileReference; fileEncoding = 4; lastKnownFileType = sourcecode.c.objc; path = ButtonTableViewCell.m; sourceTree = "<group>"; };
		343683080EB77A7400C7524A /* LoadMorePlurksCell.h */ = {isa = PBXFileReference; fileEncoding = 4; lastKnownFileType = sourcecode.c.h; path = LoadMorePlurksCell.h; sourceTree = "<group>"; };
		343683090EB77A7400C7524A /* LoadMorePlurksCell.m */ = {isa = PBXFileReference; fileEncoding = 4; lastKnownFileType = sourcecode.c.objc; path = LoadMorePlurksCell.m; sourceTree = "<group>"; };
		3436830A0EB77A7400C7524A /* PlurkEntryTableViewCell.h */ = {isa = PBXFileReference; fileEncoding = 4; lastKnownFileType = sourcecode.c.h; path = PlurkEntryTableViewCell.h; sourceTree = "<group>"; };
		3436830B0EB77A7400C7524A /* PlurkEntryTableViewCell.m */ = {isa = PBXFileReference; fileEncoding = 4; lastKnownFileType = sourcecode.c.objc; path = PlurkEntryTableViewCell.m; sourceTree = "<group>"; };
		3436830C0EB77A7400C7524A /* PlurkPlainTextTableViewCell.h */ = {isa = PBXFileReference; fileEncoding = 4; lastKnownFileType = sourcecode.c.h; path = PlurkPlainTextTableViewCell.h; sourceTree = "<group>"; };
		3436830D0EB77A7400C7524A /* PlurkPlainTextTableViewCell.m */ = {isa = PBXFileReference; fileEncoding = 4; lastKnownFileType = sourcecode.c.objc; path = PlurkPlainTextTableViewCell.m; sourceTree = "<group>"; };
		3436830E0EB77A7400C7524A /* PlurkQualifierTableViewCell.h */ = {isa = PBXFileReference; fileEncoding = 4; lastKnownFileType = sourcecode.c.h; path = PlurkQualifierTableViewCell.h; sourceTree = "<group>"; };
		3436830F0EB77A7400C7524A /* PlurkQualifierTableViewCell.m */ = {isa = PBXFileReference; fileEncoding = 4; lastKnownFileType = sourcecode.c.objc; path = PlurkQualifierTableViewCell.m; sourceTree = "<group>"; };
		343683100EB77A7400C7524A /* PlurkRichTextTableViewCell.h */ = {isa = PBXFileReference; fileEncoding = 4; lastKnownFileType = sourcecode.c.h; path = PlurkRichTextTableViewCell.h; sourceTree = "<group>"; };
		343683110EB77A7400C7524A /* PlurkRichTextTableViewCell.m */ = {isa = PBXFileReference; fileEncoding = 4; lastKnownFileType = sourcecode.c.objc; path = PlurkRichTextTableViewCell.m; sourceTree = "<group>"; };
		343683120EB77A7400C7524A /* PlurkTableCellProtocol.h */ = {isa = PBXFileReference; fileEncoding = 4; lastKnownFileType = sourcecode.c.h; path = PlurkTableCellProtocol.h; sourceTree = "<group>"; };
		343683130EB77A7400C7524A /* PlurkTableViewCell.h */ = {isa = PBXFileReference; fileEncoding = 4; lastKnownFileType = sourcecode.c.h; path = PlurkTableViewCell.h; sourceTree = "<group>"; };
		343683210EB77A7900C7524A /* MutableURLConnectionDictionary.h */ = {isa = PBXFileReference; fileEncoding = 4; lastKnownFileType = sourcecode.c.h; path = MutableURLConnectionDictionary.h; sourceTree = "<group>"; };
		343683220EB77A7900C7524A /* MutableURLConnectionDictionary.m */ = {isa = PBXFileReference; fileEncoding = 4; lastKnownFileType = sourcecode.c.objc; path = MutableURLConnectionDictionary.m; sourceTree = "<group>"; };
		343683230EB77A7900C7524A /* Plurk.h */ = {isa = PBXFileReference; fileEncoding = 4; lastKnownFileType = sourcecode.c.h; path = Plurk.h; sourceTree = "<group>"; };
		343683240EB77A7900C7524A /* Plurk.m */ = {isa = PBXFileReference; fileEncoding = 4; lastKnownFileType = sourcecode.c.objc; path = Plurk.m; sourceTree = "<group>"; };
		343683250EB77A7900C7524A /* PlurkAPI.h */ = {isa = PBXFileReference; fileEncoding = 4; lastKnownFileType = sourcecode.c.h; path = PlurkAPI.h; sourceTree = "<group>"; };
		343683260EB77A7900C7524A /* PlurkAPI.m */ = {isa = PBXFileReference; fileEncoding = 4; lastKnownFileType = sourcecode.c.objc; path = PlurkAPI.m; sourceTree = "<group>"; };
		343683270EB77A7900C7524A /* PlurkAPIDelegate.h */ = {isa = PBXFileReference; fileEncoding = 4; lastKnownFileType = sourcecode.c.h; path = PlurkAPIDelegate.h; sourceTree = "<group>"; };
		343683280EB77A7900C7524A /* PlurkAPIRequest.h */ = {isa = PBXFileReference; fileEncoding = 4; lastKnownFileType = sourcecode.c.h; path = PlurkAPIRequest.h; sourceTree = "<group>"; };
		343683290EB77A7900C7524A /* PlurkAPIRequest.m */ = {isa = PBXFileReference; fileEncoding = 4; lastKnownFileType = sourcecode.c.objc; path = PlurkAPIRequest.m; sourceTree = "<group>"; };
		3436832A0EB77A7900C7524A /* PlurkFriend.h */ = {isa = PBXFileReference; fileEncoding = 4; lastKnownFileType = sourcecode.c.h; path = PlurkFriend.h; sourceTree = "<group>"; };
		3436832B0EB77A7900C7524A /* PlurkFriend.m */ = {isa = PBXFileReference; fileEncoding = 4; lastKnownFileType = sourcecode.c.objc; path = PlurkFriend.m; sourceTree = "<group>"; };
		3436832C0EB77A7900C7524A /* ResponsePlurk.h */ = {isa = PBXFileReference; fileEncoding = 4; lastKnownFileType = sourcecode.c.h; path = ResponsePlurk.h; sourceTree = "<group>"; };
		3436832D0EB77A7900C7524A /* ResponsePlurk.m */ = {isa = PBXFileReference; fileEncoding = 4; lastKnownFileType = sourcecode.c.objc; path = ResponsePlurk.m; sourceTree = "<group>"; };
		343683370EB77A8D00C7524A /* FileDownloader.h */ = {isa = PBXFileReference; fileEncoding = 4; lastKnownFileType = sourcecode.c.h; path = FileDownloader.h; sourceTree = "<group>"; };
		343683380EB77A8D00C7524A /* FileDownloader.m */ = {isa = PBXFileReference; fileEncoding = 4; lastKnownFileType = sourcecode.c.objc; path = FileDownloader.m; sourceTree = "<group>"; };
		343683390EB77A8D00C7524A /* ProfileImageCache.h */ = {isa = PBXFileReference; fileEncoding = 4; lastKnownFileType = sourcecode.c.h; path = ProfileImageCache.h; sourceTree = "<group>"; };
		3436833A0EB77A8D00C7524A /* ProfileImageCache.m */ = {isa = PBXFileReference; fileEncoding = 4; lastKnownFileType = sourcecode.c.objc; path = ProfileImageCache.m; sourceTree = "<group>"; };
		3436833B0EB77A8D00C7524A /* WebViewManager.h */ = {isa = PBXFileReference; fileEncoding = 4; lastKnownFileType = sourcecode.c.h; path = WebViewManager.h; sourceTree = "<group>"; };
		3436833C0EB77A8D00C7524A /* WebViewManager.m */ = {isa = PBXFileReference; fileEncoding = 4; lastKnownFileType = sourcecode.c.objc; path = WebViewManager.m; sourceTree = "<group>"; };
		343683980EB7844F00C7524A /* libicucore.dylib */ = {isa = PBXFileReference; lastKnownFileType = "compiled.mach-o.dylib"; name = libicucore.dylib; path = usr/lib/libicucore.dylib; sourceTree = SDKROOT; };
		343684280EB78AC400C7524A /* PlurkTableViewCell.m */ = {isa = PBXFileReference; fileEncoding = 4; lastKnownFileType = sourcecode.c.objc; path = PlurkTableViewCell.m; sourceTree = "<group>"; };
		343684CB0EB797B000C7524A /* PlurkURLs.plist */ = {isa = PBXFileReference; fileEncoding = 4; lastKnownFileType = text.plist.xml; path = PlurkURLs.plist; sourceTree = "<group>"; };
		343684CC0EB797B000C7524A /* Qualifiers.plist */ = {isa = PBXFileReference; fileEncoding = 4; lastKnownFileType = text.plist.xml; path = Qualifiers.plist; sourceTree = "<group>"; };
		3436862F0EB7BAE600C7524A /* NoAvatarAvailable.png */ = {isa = PBXFileReference; lastKnownFileType = image.png; path = NoAvatarAvailable.png; sourceTree = "<group>"; };
		349745550F0B8B8C007852B4 /* PlurkFormatting.h */ = {isa = PBXFileReference; fileEncoding = 4; lastKnownFileType = sourcecode.c.h; path = PlurkFormatting.h; sourceTree = "<group>"; };
		349745560F0B8B8C007852B4 /* PlurkFormatting.m */ = {isa = PBXFileReference; fileEncoding = 4; lastKnownFileType = sourcecode.c.objc; path = PlurkFormatting.m; sourceTree = "<group>"; };
		349745F80F0B8D49007852B4 /* 08a43d50691a1ed22706fc92f568fa07.gif */ = {isa = PBXFileReference; lastKnownFileType = image.gif; path = 08a43d50691a1ed22706fc92f568fa07.gif; sourceTree = "<group>"; };
		349745F90F0B8D49007852B4 /* 0f96595ed7733393b93a3d67aa4f2f4f.gif */ = {isa = PBXFileReference; lastKnownFileType = image.gif; path = 0f96595ed7733393b93a3d67aa4f2f4f.gif; sourceTree = "<group>"; };
		349745FA0F0B8D49007852B4 /* 11eed61b41a3e935773476ac33bc00d9.gif */ = {isa = PBXFileReference; lastKnownFileType = image.gif; path = 11eed61b41a3e935773476ac33bc00d9.gif; sourceTree = "<group>"; };
		349745FB0F0B8D49007852B4 /* 13b15aa49358be8f47b58552401d7725.gif */ = {isa = PBXFileReference; lastKnownFileType = image.gif; path = 13b15aa49358be8f47b58552401d7725.gif; sourceTree = "<group>"; };
		349745FC0F0B8D49007852B4 /* 150e3f367a063d3baf9720719d78d778.gif */ = {isa = PBXFileReference; lastKnownFileType = image.gif; path = 150e3f367a063d3baf9720719d78d778.gif; sourceTree = "<group>"; };
		349745FD0F0B8D49007852B4 /* 1c890273544559b17f090d09238fa763.gif */ = {isa = PBXFileReference; lastKnownFileType = image.gif; path = 1c890273544559b17f090d09238fa763.gif; sourceTree = "<group>"; };
		349745FE0F0B8D49007852B4 /* 1f44d3984a094fceae1f1a016a730fc9.gif */ = {isa = PBXFileReference; lastKnownFileType = image.gif; path = 1f44d3984a094fceae1f1a016a730fc9.gif; sourceTree = "<group>"; };
		349745FF0F0B8D49007852B4 /* 22416dced8b59446db8cd366cc925d09.gif */ = {isa = PBXFileReference; lastKnownFileType = image.gif; path = 22416dced8b59446db8cd366cc925d09.gif; sourceTree = "<group>"; };
		349746000F0B8D49007852B4 /* 261c0fe4a88417146ae0292d697a5f52.gif */ = {isa = PBXFileReference; lastKnownFileType = image.gif; path = 261c0fe4a88417146ae0292d697a5f52.gif; sourceTree = "<group>"; };
		349746010F0B8D49007852B4 /* 2884b8d0e496c06136c86e9c9599edae.gif */ = {isa = PBXFileReference; lastKnownFileType = image.gif; path = 2884b8d0e496c06136c86e9c9599edae.gif; sourceTree = "<group>"; };
		349746020F0B8D49007852B4 /* 2b3593aea68efa7a00b4ef2850f98b8a.gif */ = {isa = PBXFileReference; lastKnownFileType = image.gif; path = 2b3593aea68efa7a00b4ef2850f98b8a.gif; sourceTree = "<group>"; };
		349746030F0B8D49007852B4 /* 3385896779bf1c13188bf92ca516878e.gif */ = {isa = PBXFileReference; lastKnownFileType = image.gif; path = 3385896779bf1c13188bf92ca516878e.gif; sourceTree = "<group>"; };
		349746040F0B8D49007852B4 /* 35b16fc25623670e41c2be6bf8ac38c7.gif */ = {isa = PBXFileReference; lastKnownFileType = image.gif; path = 35b16fc25623670e41c2be6bf8ac38c7.gif; sourceTree = "<group>"; };
		349746050F0B8D49007852B4 /* 373cd2f23dab7528d4875170d13d64f7.gif */ = {isa = PBXFileReference; lastKnownFileType = image.gif; path = 373cd2f23dab7528d4875170d13d64f7.gif; sourceTree = "<group>"; };
		349746060F0B8D49007852B4 /* 3fabe74e992888be701de2a9d80c180a.gif */ = {isa = PBXFileReference; lastKnownFileType = image.gif; path = 3fabe74e992888be701de2a9d80c180a.gif; sourceTree = "<group>"; };
		349746070F0B8D49007852B4 /* 48515125401120316abb97666458d05b.gif */ = {isa = PBXFileReference; lastKnownFileType = image.gif; path = 48515125401120316abb97666458d05b.gif; sourceTree = "<group>"; };
		349746080F0B8D49007852B4 /* 4afd784c0df9f7a3ceacb92beca543f6.gif */ = {isa = PBXFileReference; lastKnownFileType = image.gif; path = 4afd784c0df9f7a3ceacb92beca543f6.gif; sourceTree = "<group>"; };
		349746090F0B8D49007852B4 /* 4f01bac8a707e5450307f97065ec0fa7.gif */ = {isa = PBXFileReference; lastKnownFileType = image.gif; path = 4f01bac8a707e5450307f97065ec0fa7.gif; sourceTree = "<group>"; };
		3497460A0F0B8D49007852B4 /* 52991d7ff65a05526454bd1170a0f14c.gif */ = {isa = PBXFileReference; lastKnownFileType = image.gif; path = 52991d7ff65a05526454bd1170a0f14c.gif; sourceTree = "<group>"; };
		3497460B0F0B8D49007852B4 /* 5495d64ccb898ca596b061168fa0374a.gif */ = {isa = PBXFileReference; lastKnownFileType = image.gif; path = 5495d64ccb898ca596b061168fa0374a.gif; sourceTree = "<group>"; };
		3497460C0F0B8D49007852B4 /* 56336bb821c4766001816639e55e5811.gif */ = {isa = PBXFileReference; lastKnownFileType = image.gif; path = 56336bb821c4766001816639e55e5811.gif; sourceTree = "<group>"; };
		3497460D0F0B8D49007852B4 /* 57c69f50e40a283dcd2e7b56fc191abe.gif */ = {isa = PBXFileReference; lastKnownFileType = image.gif; path = 57c69f50e40a283dcd2e7b56fc191abe.gif; sourceTree = "<group>"; };
		3497460E0F0B8D49007852B4 /* 615f18f7ea8abc608c4c20eaa667883b.gif */ = {isa = PBXFileReference; lastKnownFileType = image.gif; path = 615f18f7ea8abc608c4c20eaa667883b.gif; sourceTree = "<group>"; };
		3497460F0F0B8D49007852B4 /* 627a5ddad41c22fb7e94305f0fd9b8e8.gif */ = {isa = PBXFileReference; lastKnownFileType = image.gif; path = 627a5ddad41c22fb7e94305f0fd9b8e8.gif; sourceTree = "<group>"; };
		349746100F0B8D49007852B4 /* 65271ac2126706bc09d31ff67c525d67.gif */ = {isa = PBXFileReference; lastKnownFileType = image.gif; path = 65271ac2126706bc09d31ff67c525d67.gif; sourceTree = "<group>"; };
		349746110F0B8D49007852B4 /* 6cb1dc388b9259565efedef8f336d27d.gif */ = {isa = PBXFileReference; lastKnownFileType = image.gif; path = 6cb1dc388b9259565efedef8f336d27d.gif; sourceTree = "<group>"; };
		349746120F0B8D49007852B4 /* 72ddf2c585fe77dd0be731b19624d8cb.gif */ = {isa = PBXFileReference; lastKnownFileType = image.gif; path = 72ddf2c585fe77dd0be731b19624d8cb.gif; sourceTree = "<group>"; };
		349746130F0B8D49007852B4 /* 8073c1716e75d32eb79f97a9f521fa01.gif */ = {isa = PBXFileReference; lastKnownFileType = image.gif; path = 8073c1716e75d32eb79f97a9f521fa01.gif; sourceTree = "<group>"; };
		349746140F0B8D49007852B4 /* 843739a95294fd0bf4c958840b46408f.gif */ = {isa = PBXFileReference; lastKnownFileType = image.gif; path = 843739a95294fd0bf4c958840b46408f.gif; sourceTree = "<group>"; };
		349746150F0B8D49007852B4 /* 846277f0a154dc95a08594b7d32a5ccd.gif */ = {isa = PBXFileReference; lastKnownFileType = image.gif; path = 846277f0a154dc95a08594b7d32a5ccd.gif; sourceTree = "<group>"; };
		349746160F0B8D49007852B4 /* 85ef5fa01a6a67a525429f8bf4279fe7.gif */ = {isa = PBXFileReference; lastKnownFileType = image.gif; path = 85ef5fa01a6a67a525429f8bf4279fe7.gif; sourceTree = "<group>"; };
		349746170F0B8D49007852B4 /* 8600839dc03e6275b53fd03a0eba09cf.gif */ = {isa = PBXFileReference; lastKnownFileType = image.gif; path = 8600839dc03e6275b53fd03a0eba09cf.gif; sourceTree = "<group>"; };
		349746180F0B8D49007852B4 /* 8738c7a1c402f41b5319abe504ce9687.gif */ = {isa = PBXFileReference; lastKnownFileType = image.gif; path = 8738c7a1c402f41b5319abe504ce9687.gif; sourceTree = "<group>"; };
		349746190F0B8D49007852B4 /* 8863234ebea13f109c9b15ba19a4531c.gif */ = {isa = PBXFileReference; lastKnownFileType = image.gif; path = 8863234ebea13f109c9b15ba19a4531c.gif; sourceTree = "<group>"; };
		3497461A0F0B8D49007852B4 /* 8eb05ca7a32301ba16c9496bcad893c4.gif */ = {isa = PBXFileReference; lastKnownFileType = image.gif; path = 8eb05ca7a32301ba16c9496bcad893c4.gif; sourceTree = "<group>"; };
		3497461B0F0B8D49007852B4 /* 900f3dd0adaad9142d567caf6bfb1311.gif */ = {isa = PBXFileReference; lastKnownFileType = image.gif; path = 900f3dd0adaad9142d567caf6bfb1311.gif; sourceTree = "<group>"; };
		3497461C0F0B8D49007852B4 /* 919b87048fdf7bd59dae457f4284b20b.gif */ = {isa = PBXFileReference; lastKnownFileType = image.gif; path = 919b87048fdf7bd59dae457f4284b20b.gif; sourceTree = "<group>"; };
		3497461D0F0B8D49007852B4 /* 9454d15bcaf411b159dcc147ebc3f0eb.gif */ = {isa = PBXFileReference; lastKnownFileType = image.gif; path = 9454d15bcaf411b159dcc147ebc3f0eb.gif; sourceTree = "<group>"; };
		3497461E0F0B8D49007852B4 /* 95ace5ba1097301b5206a9e0fb431624.gif */ = {isa = PBXFileReference; lastKnownFileType = image.gif; path = 95ace5ba1097301b5206a9e0fb431624.gif; sourceTree = "<group>"; };
		3497461F0F0B8D49007852B4 /* 95e69aa508d4bb435706b9db0a610dad.gif */ = {isa = PBXFileReference; lastKnownFileType = image.gif; path = 95e69aa508d4bb435706b9db0a610dad.gif; sourceTree = "<group>"; };
		349746200F0B8D49007852B4 /* 96872d481bbfe87aad5aed976c7de4ee.gif */ = {isa = PBXFileReference; lastKnownFileType = image.gif; path = 96872d481bbfe87aad5aed976c7de4ee.gif; sourceTree = "<group>"; };
		349746210F0B8D49007852B4 /* 986ecf2b1ae69072e0195b0a58545900.gif */ = {isa = PBXFileReference; lastKnownFileType = image.gif; path = 986ecf2b1ae69072e0195b0a58545900.gif; sourceTree = "<group>"; };
		349746220F0B8D49007852B4 /* 99ef3957ef779718546752b749bdeabd.gif */ = {isa = PBXFileReference; lastKnownFileType = image.gif; path = 99ef3957ef779718546752b749bdeabd.gif; sourceTree = "<group>"; };
		349746230F0B8D49007852B4 /* 9b6f4864c822e1a97c98507c2b41a74f.gif */ = {isa = PBXFileReference; lastKnownFileType = image.gif; path = 9b6f4864c822e1a97c98507c2b41a74f.gif; sourceTree = "<group>"; };
		349746240F0B8D49007852B4 /* 9ed224b628ed26d11e46e42138b95ac2.gif */ = {isa = PBXFileReference; lastKnownFileType = image.gif; path = 9ed224b628ed26d11e46e42138b95ac2.gif; sourceTree = "<group>"; };
		349746250F0B8D49007852B4 /* a08ed27ec14b48d4703f53f7eb94834b.gif */ = {isa = PBXFileReference; lastKnownFileType = image.gif; path = a08ed27ec14b48d4703f53f7eb94834b.gif; sourceTree = "<group>"; };
		349746260F0B8D49007852B4 /* a55bdb344892676b0fea545354654a49.gif */ = {isa = PBXFileReference; lastKnownFileType = image.gif; path = a55bdb344892676b0fea545354654a49.gif; sourceTree = "<group>"; };
		349746270F0B8D49007852B4 /* a5ae31c4185bc60cd006650dc10f8147.gif */ = {isa = PBXFileReference; lastKnownFileType = image.gif; path = a5ae31c4185bc60cd006650dc10f8147.gif; sourceTree = "<group>"; };
		349746280F0B8D49007852B4 /* a709dab8ddd26bd222466d31bd549579.png */ = {isa = PBXFileReference; lastKnownFileType = image.png; path = a709dab8ddd26bd222466d31bd549579.png; sourceTree = "<group>"; };
		349746290F0B8D49007852B4 /* a9560787e93f4f8890e4bd38696ba537.gif */ = {isa = PBXFileReference; lastKnownFileType = image.gif; path = a9560787e93f4f8890e4bd38696ba537.gif; sourceTree = "<group>"; };
		3497462A0F0B8D49007852B4 /* aabbc82c2b0dc72bfbce2f82c97a95e8.gif */ = {isa = PBXFileReference; lastKnownFileType = image.gif; path = aabbc82c2b0dc72bfbce2f82c97a95e8.gif; sourceTree = "<group>"; };
		3497462B0F0B8D49007852B4 /* b0b0596acce9ffc1f2a27548aa642eaf.gif */ = {isa = PBXFileReference; lastKnownFileType = image.gif; path = b0b0596acce9ffc1f2a27548aa642eaf.gif; sourceTree = "<group>"; };
		3497462C0F0B8D49007852B4 /* b62d1e55e8311af5bc7526c595ac1dbb.gif */ = {isa = PBXFileReference; lastKnownFileType = image.gif; path = b62d1e55e8311af5bc7526c595ac1dbb.gif; sourceTree = "<group>"; };
		3497462D0F0B8D49007852B4 /* b82e3225c92a764d225429a6487d9f04.gif */ = {isa = PBXFileReference; lastKnownFileType = image.gif; path = b82e3225c92a764d225429a6487d9f04.gif; sourceTree = "<group>"; };
		3497462E0F0B8D49007852B4 /* c1c9870cf653fa3cd103d2eb0f519ccb.gif */ = {isa = PBXFileReference; lastKnownFileType = image.gif; path = c1c9870cf653fa3cd103d2eb0f519ccb.gif; sourceTree = "<group>"; };
		3497462F0F0B8D49007852B4 /* ced6d40bebe2d424b59322b311fc04bb.gif */ = {isa = PBXFileReference; lastKnownFileType = image.gif; path = ced6d40bebe2d424b59322b311fc04bb.gif; sourceTree = "<group>"; };
		349746300F0B8D49007852B4 /* d1a6f08507b126ec6a215e6a2372e8bb.gif */ = {isa = PBXFileReference; lastKnownFileType = image.gif; path = d1a6f08507b126ec6a215e6a2372e8bb.gif; sourceTree = "<group>"; };
		349746310F0B8D49007852B4 /* db4c4a7d141fdcaca4d4b11f8fb360db.gif */ = {isa = PBXFileReference; lastKnownFileType = image.gif; path = db4c4a7d141fdcaca4d4b11f8fb360db.gif; sourceTree = "<group>"; };
		349746320F0B8D49007852B4 /* e3baa9d0d78c35e955a6b07c39f530fa.gif */ = {isa = PBXFileReference; lastKnownFileType = image.gif; path = e3baa9d0d78c35e955a6b07c39f530fa.gif; sourceTree = "<group>"; };
		349746330F0B8D49007852B4 /* e49c8ae965452550c98fc7f99741ae0d.gif */ = {isa = PBXFileReference; lastKnownFileType = image.gif; path = e49c8ae965452550c98fc7f99741ae0d.gif; sourceTree = "<group>"; };
		349746340F0B8D49007852B4 /* e6bb16b6ef386c5f23900b103dbdba31.gif */ = {isa = PBXFileReference; lastKnownFileType = image.gif; path = e6bb16b6ef386c5f23900b103dbdba31.gif; sourceTree = "<group>"; };
		349746350F0B8D49007852B4 /* e8ed6c7eed76d2acd9dbf469f29fbec2.gif */ = {isa = PBXFileReference; lastKnownFileType = image.gif; path = e8ed6c7eed76d2acd9dbf469f29fbec2.gif; sourceTree = "<group>"; };
		349746360F0B8D49007852B4 /* ed3620ff28a02e3dc9ac4ffa8e6ae2e6.gif */ = {isa = PBXFileReference; lastKnownFileType = image.gif; path = ed3620ff28a02e3dc9ac4ffa8e6ae2e6.gif; sourceTree = "<group>"; };
		349746370F0B8D49007852B4 /* f053074bcce500fbd1e2327d49748a6d.gif */ = {isa = PBXFileReference; lastKnownFileType = image.gif; path = f053074bcce500fbd1e2327d49748a6d.gif; sourceTree = "<group>"; };
		349746380F0B8D49007852B4 /* ff124032f8cc3a9d43b99e661f8fcb4d.gif */ = {isa = PBXFileReference; lastKnownFileType = image.gif; path = ff124032f8cc3a9d43b99e661f8fcb4d.gif; sourceTree = "<group>"; };
		34CB4D250EAFDDA80089842C /* RegexKitLite.h */ = {isa = PBXFileReference; fileEncoding = 4; lastKnownFileType = sourcecode.c.h; path = RegexKitLite.h; sourceTree = "<group>"; };
		34CB4D260EAFDDA80089842C /* RegexKitLite.m */ = {isa = PBXFileReference; fileEncoding = 4; lastKnownFileType = sourcecode.c.objc; path = RegexKitLite.m; sourceTree = "<group>"; };
		89010FEC0EBCDBA500E990A7 /* FileUploadPending.xib */ = {isa = PBXFileReference; lastKnownFileType = file.xib; path = FileUploadPending.xib; sourceTree = "<group>"; };
		89010FFF0EBCDD3400E990A7 /* PlurkResponsesLoading.html */ = {isa = PBXFileReference; fileEncoding = 4; lastKnownFileType = text.html; path = PlurkResponsesLoading.html; sourceTree = "<group>"; };
		890110320EBCE08300E990A7 /* LargeWhiteProgressIndicator.gif */ = {isa = PBXFileReference; lastKnownFileType = image.gif; path = LargeWhiteProgressIndicator.gif; sourceTree = "<group>"; };
		896700ED0EDCD052003BEE39 /* Qualifiers.css */ = {isa = PBXFileReference; fileEncoding = 4; lastKnownFileType = text.css; path = Qualifiers.css; sourceTree = "<group>"; };
		8967013E0EDCD79C003BEE39 /* RichTextPlurkTableCell.html */ = {isa = PBXFileReference; fileEncoding = 4; lastKnownFileType = text.html; path = RichTextPlurkTableCell.html; sourceTree = "<group>"; };
		899F50E90F1298C40057BBA0 /* 92b595a573d25dd5e39a57b5d56d4d03.gif */ = {isa = PBXFileReference; lastKnownFileType = image.gif; path = 92b595a573d25dd5e39a57b5d56d4d03.gif; sourceTree = "<group>"; };
		89A2B2EE0EE1ADC7009B2C82 /* Icon.png */ = {isa = PBXFileReference; lastKnownFileType = image.png; path = Icon.png; sourceTree = "<group>"; };
		89A3B45E0EEB589300EC6DBF /* GenericPlurkTimelineView.xib */ = {isa = PBXFileReference; lastKnownFileType = file.xib; path = GenericPlurkTimelineView.xib; sourceTree = "<group>"; };
		89A3B46A0EEB598F00EC6DBF /* GenericPlurkTimelineViewController.h */ = {isa = PBXFileReference; fileEncoding = 4; lastKnownFileType = sourcecode.c.h; path = GenericPlurkTimelineViewController.h; sourceTree = "<group>"; };
		89A3B46B0EEB598F00EC6DBF /* GenericPlurkTimelineViewController.m */ = {isa = PBXFileReference; fileEncoding = 4; lastKnownFileType = sourcecode.c.objc; path = GenericPlurkTimelineViewController.m; sourceTree = "<group>"; };
		89CD0C950F3133410075FE75 /* QualifierDetails.plist */ = {isa = PBXFileReference; fileEncoding = 4; lastKnownFileType = text.plist.xml; path = QualifierDetails.plist; sourceTree = "<group>"; };
		89CD0CA50F3135AC0075FE75 /* Qualifiers.h */ = {isa = PBXFileReference; fileEncoding = 4; lastKnownFileType = sourcecode.c.h; path = Qualifiers.h; sourceTree = "<group>"; };
		89CD0CA60F3135AC0075FE75 /* Qualifiers.m */ = {isa = PBXFileReference; fileEncoding = 4; lastKnownFileType = sourcecode.c.objc; path = Qualifiers.m; sourceTree = "<group>"; };
		89DD38F20F1BB9A300190BB5 /* Unread.png */ = {isa = PBXFileReference; lastKnownFileType = image.png; path = Unread.png; sourceTree = "<group>"; };
		89E99E580EE087B10046FB0D /* Compass.png */ = {isa = PBXFileReference; lastKnownFileType = image.png; path = Compass.png; sourceTree = "<group>"; };
/* End PBXFileReference section */

/* Begin PBXFrameworksBuildPhase section */
		1D60588F0D05DD3D006BFB54 /* Frameworks */ = {
			isa = PBXFrameworksBuildPhase;
			buildActionMask = 2147483647;
			files = (
				1D60589F0D05DD5A006BFB54 /* Foundation.framework in Frameworks */,
				1DF5F4E00D08C38300B7A737 /* UIKit.framework in Frameworks */,
				288765FD0DF74451002DB57D /* CoreGraphics.framework in Frameworks */,
				343683990EB7844F00C7524A /* libicucore.dylib in Frameworks */,
			);
			runOnlyForDeploymentPostprocessing = 0;
		};
/* End PBXFrameworksBuildPhase section */

/* Begin PBXGroup section */
		080E96DDFE201D6D7F000001 /* Classes */ = {
			isa = PBXGroup;
			children = (
				343683200EB77A7900C7524A /* PlurkAPI */,
				343683050EB77A7300C7524A /* Table Cells */,
				343682EF0EB77A6C00C7524A /* View Controllers */,
				34CB4D240EAFDDA80089842C /* External */,
				1D3623240D0F684500981E51 /* iPlurkAppDelegate.h */,
				1D3623250D0F684500981E51 /* iPlurkAppDelegate.m */,
				343683370EB77A8D00C7524A /* FileDownloader.h */,
				343683380EB77A8D00C7524A /* FileDownloader.m */,
				343683390EB77A8D00C7524A /* ProfileImageCache.h */,
				3436833A0EB77A8D00C7524A /* ProfileImageCache.m */,
				3436833B0EB77A8D00C7524A /* WebViewManager.h */,
				3436833C0EB77A8D00C7524A /* WebViewManager.m */,
				349745550F0B8B8C007852B4 /* PlurkFormatting.h */,
				349745560F0B8B8C007852B4 /* PlurkFormatting.m */,
			);
			path = Classes;
			sourceTree = "<group>";
		};
		19C28FACFE9D520D11CA2CBB /* Products */ = {
			isa = PBXGroup;
			children = (
				1D6058910D05DD3D006BFB54 /* iPlurk.app */,
			);
			name = Products;
			sourceTree = "<group>";
		};
		29B97314FDCFA39411CA2CEA /* CustomTemplate */ = {
			isa = PBXGroup;
			children = (
				349745F70F0B8D49007852B4 /* statics */,
				29B97316FDCFA39411CA2CEA /* main.m */,
				32CA4F630368D1EE00C91783 /* iPlurk_Prefix.pch */,
				343682E50EB77A3C00C7524A /* Settings.bundle */,
				080E96DDFE201D6D7F000001 /* Classes */,
				29B97315FDCFA39411CA2CEA /* Other Sources */,
				29B97317FDCFA39411CA2CEA /* Resources */,
				29B97323FDCFA39411CA2CEA /* Frameworks */,
				19C28FACFE9D520D11CA2CBB /* Products */,
				343683980EB7844F00C7524A /* libicucore.dylib */,
			);
			name = CustomTemplate;
			sourceTree = "<group>";
		};
		29B97315FDCFA39411CA2CEA /* Other Sources */ = {
			isa = PBXGroup;
			children = (
				343682EC0EB77A4D00C7524A /* Quartz.h */,
				343682ED0EB77A4D00C7524A /* Quartz.c */,
			);
			path = "Other Sources";
			sourceTree = "<group>";
		};
		29B97317FDCFA39411CA2CEA /* Resources */ = {
			isa = PBXGroup;
			children = (
				343684CA0EB797B000C7524A /* Data */,
				343682700EB779F000C7524A /* HTML */,
				343682730EB779F000C7524A /* IB */,
				343682850EB779F000C7524A /* Images */,
			);
			path = Resources;
			sourceTree = "<group>";
		};
		29B97323FDCFA39411CA2CEA /* Frameworks */ = {
			isa = PBXGroup;
			children = (
				1DF5F4DF0D08C38300B7A737 /* UIKit.framework */,
				1D30AB110D05D00D00671497 /* Foundation.framework */,
				288765FC0DF74451002DB57D /* CoreGraphics.framework */,
			);
			name = Frameworks;
			sourceTree = "<group>";
		};
		343682700EB779F000C7524A /* HTML */ = {
			isa = PBXGroup;
			children = (
				343682710EB779F000C7524A /* PlurkResponsesDisplay.html */,
				343682720EB779F000C7524A /* PlurkResponsesSingleResponse.html */,
				89010FFF0EBCDD3400E990A7 /* PlurkResponsesLoading.html */,
				896700ED0EDCD052003BEE39 /* Qualifiers.css */,
				8967013E0EDCD79C003BEE39 /* RichTextPlurkTableCell.html */,
			);
			path = HTML;
			sourceTree = "<group>";
		};
		343682730EB779F000C7524A /* IB */ = {
			isa = PBXGroup;
			children = (
				89010FEC0EBCDBA500E990A7 /* FileUploadPending.xib */,
				343682740EB779F000C7524A /* ButtonTableViewCell.xib */,
				343682760EB779F000C7524A /* LoadMorePlurksCell.xib */,
				343682770EB779F000C7524A /* MainWindow.xib */,
				343682780EB779F000C7524A /* PlurkEntryTableViewCell.xib */,
				343682790EB779F000C7524A /* PlurkPlainTextTableViewCell.xib */,
				3436827A0EB779F000C7524A /* PlurkQualifierTableViewCell.xib */,
				3436827B0EB779F000C7524A /* PlurkResponsesView.xib */,
				3436827C0EB779F000C7524A /* PlurkRichTextTableViewCell.xib */,
				3436827D0EB779F000C7524A /* QualifierSelectorTableView.xib */,
				3436827E0EB779F000C7524A /* UserTimetableTableView.xib */,
				3436827F0EB779F000C7524A /* SetupView.xib */,
				343682840EB779F000C7524A /* WritePlurkTableView.xib */,
				343682830EB779F000C7524A /* WebPagePreview.xib */,
				89A3B45E0EEB589300EC6DBF /* GenericPlurkTimelineView.xib */,
			);
			path = IB;
			sourceTree = "<group>";
		};
		343682850EB779F000C7524A /* Images */ = {
			isa = PBXGroup;
			children = (
				890110320EBCE08300E990A7 /* LargeWhiteProgressIndicator.gif */,
				343682860EB779F000C7524A /* Default.png */,
				89A2B2EE0EE1ADC7009B2C82 /* Icon.png */,
				89E99E580EE087B10046FB0D /* Compass.png */,
				89DD38F20F1BB9A300190BB5 /* Unread.png */,
				343682880EB779F000C7524A /* PlurkLogo.png */,
				3436862F0EB7BAE600C7524A /* NoAvatarAvailable.png */,
				343682890EB779F000C7524A /* PrivatePlurk.png */,
				3436828A0EB779F000C7524A /* SelectedUnreadIndicator.png */,
				3436828B0EB779F000C7524A /* UnreadIndicator.png */,
			);
			path = Images;
			sourceTree = "<group>";
		};
		343682EF0EB77A6C00C7524A /* View Controllers */ = {
			isa = PBXGroup;
			children = (
				343682F00EB77A6C00C7524A /* PlurkResponsesViewController.h */,
				343682F10EB77A6C00C7524A /* PlurkResponsesViewController.m */,
				343682F20EB77A6C00C7524A /* QualifierSelectorTableViewController.h */,
				343682F30EB77A6C00C7524A /* QualifierSelectorTableViewController.m */,
				343682F40EB77A6C00C7524A /* UserTimelineTableViewController.h */,
				343682F50EB77A6C00C7524A /* UserTimelineTableViewController.m */,
				343682F60EB77A6C00C7524A /* SetupViewController.h */,
				343682F70EB77A6C00C7524A /* SetupViewController.m */,
				343682FA0EB77A6C00C7524A /* WebPagePreviewController.h */,
				343682FB0EB77A6C00C7524A /* WebPagePreviewController.m */,
				343682FC0EB77A6C00C7524A /* WritePlurkTableViewController.h */,
				343682FD0EB77A6C00C7524A /* WritePlurkTableViewController.m */,
				89A3B46A0EEB598F00EC6DBF /* GenericPlurkTimelineViewController.h */,
				89A3B46B0EEB598F00EC6DBF /* GenericPlurkTimelineViewController.m */,
			);
			path = "View Controllers";
			sourceTree = "<group>";
		};
		343683050EB77A7300C7524A /* Table Cells */ = {
			isa = PBXGroup;
			children = (
				343683060EB77A7300C7524A /* ButtonTableViewCell.h */,
				343683070EB77A7300C7524A /* ButtonTableViewCell.m */,
				343683080EB77A7400C7524A /* LoadMorePlurksCell.h */,
				343683090EB77A7400C7524A /* LoadMorePlurksCell.m */,
				3436830A0EB77A7400C7524A /* PlurkEntryTableViewCell.h */,
				3436830B0EB77A7400C7524A /* PlurkEntryTableViewCell.m */,
				3436830C0EB77A7400C7524A /* PlurkPlainTextTableViewCell.h */,
				3436830D0EB77A7400C7524A /* PlurkPlainTextTableViewCell.m */,
				3436830E0EB77A7400C7524A /* PlurkQualifierTableViewCell.h */,
				3436830F0EB77A7400C7524A /* PlurkQualifierTableViewCell.m */,
				343683100EB77A7400C7524A /* PlurkRichTextTableViewCell.h */,
				343683110EB77A7400C7524A /* PlurkRichTextTableViewCell.m */,
				343683120EB77A7400C7524A /* PlurkTableCellProtocol.h */,
				343683130EB77A7400C7524A /* PlurkTableViewCell.h */,
				343684280EB78AC400C7524A /* PlurkTableViewCell.m */,
			);
			path = "Table Cells";
			sourceTree = "<group>";
		};
		343683200EB77A7900C7524A /* PlurkAPI */ = {
			isa = PBXGroup;
			children = (
				343683220EB77A7900C7524A /* MutableURLConnectionDictionary.m */,
				343683210EB77A7900C7524A /* MutableURLConnectionDictionary.h */,
				343683230EB77A7900C7524A /* Plurk.h */,
				343683240EB77A7900C7524A /* Plurk.m */,
				343683250EB77A7900C7524A /* PlurkAPI.h */,
				343683260EB77A7900C7524A /* PlurkAPI.m */,
				343683270EB77A7900C7524A /* PlurkAPIDelegate.h */,
				343683280EB77A7900C7524A /* PlurkAPIRequest.h */,
				343683290EB77A7900C7524A /* PlurkAPIRequest.m */,
				3436832A0EB77A7900C7524A /* PlurkFriend.h */,
				3436832B0EB77A7900C7524A /* PlurkFriend.m */,
				3436832C0EB77A7900C7524A /* ResponsePlurk.h */,
				3436832D0EB77A7900C7524A /* ResponsePlurk.m */,
				89CD0CA50F3135AC0075FE75 /* Qualifiers.h */,
				89CD0CA60F3135AC0075FE75 /* Qualifiers.m */,
			);
			path = PlurkAPI;
			sourceTree = "<group>";
		};
		343684CA0EB797B000C7524A /* Data */ = {
			isa = PBXGroup;
			children = (
				343684CB0EB797B000C7524A /* PlurkURLs.plist */,
				89CD0C950F3133410075FE75 /* QualifierDetails.plist */,
				343684CC0EB797B000C7524A /* Qualifiers.plist */,
			);
			path = Data;
			sourceTree = "<group>";
		};
		349745F70F0B8D49007852B4 /* statics */ = {
			isa = PBXGroup;
			children = (
				349745F80F0B8D49007852B4 /* 08a43d50691a1ed22706fc92f568fa07.gif */,
				349745F90F0B8D49007852B4 /* 0f96595ed7733393b93a3d67aa4f2f4f.gif */,
				349745FA0F0B8D49007852B4 /* 11eed61b41a3e935773476ac33bc00d9.gif */,
				349745FB0F0B8D49007852B4 /* 13b15aa49358be8f47b58552401d7725.gif */,
				349745FC0F0B8D49007852B4 /* 150e3f367a063d3baf9720719d78d778.gif */,
				349745FD0F0B8D49007852B4 /* 1c890273544559b17f090d09238fa763.gif */,
				349745FE0F0B8D49007852B4 /* 1f44d3984a094fceae1f1a016a730fc9.gif */,
				349745FF0F0B8D49007852B4 /* 22416dced8b59446db8cd366cc925d09.gif */,
				349746000F0B8D49007852B4 /* 261c0fe4a88417146ae0292d697a5f52.gif */,
				349746010F0B8D49007852B4 /* 2884b8d0e496c06136c86e9c9599edae.gif */,
				349746020F0B8D49007852B4 /* 2b3593aea68efa7a00b4ef2850f98b8a.gif */,
				349746030F0B8D49007852B4 /* 3385896779bf1c13188bf92ca516878e.gif */,
				349746040F0B8D49007852B4 /* 35b16fc25623670e41c2be6bf8ac38c7.gif */,
				349746050F0B8D49007852B4 /* 373cd2f23dab7528d4875170d13d64f7.gif */,
				349746060F0B8D49007852B4 /* 3fabe74e992888be701de2a9d80c180a.gif */,
				349746070F0B8D49007852B4 /* 48515125401120316abb97666458d05b.gif */,
				349746080F0B8D49007852B4 /* 4afd784c0df9f7a3ceacb92beca543f6.gif */,
				349746090F0B8D49007852B4 /* 4f01bac8a707e5450307f97065ec0fa7.gif */,
				3497460A0F0B8D49007852B4 /* 52991d7ff65a05526454bd1170a0f14c.gif */,
				3497460B0F0B8D49007852B4 /* 5495d64ccb898ca596b061168fa0374a.gif */,
				3497460C0F0B8D49007852B4 /* 56336bb821c4766001816639e55e5811.gif */,
				3497460D0F0B8D49007852B4 /* 57c69f50e40a283dcd2e7b56fc191abe.gif */,
				3497460E0F0B8D49007852B4 /* 615f18f7ea8abc608c4c20eaa667883b.gif */,
				3497460F0F0B8D49007852B4 /* 627a5ddad41c22fb7e94305f0fd9b8e8.gif */,
				349746100F0B8D49007852B4 /* 65271ac2126706bc09d31ff67c525d67.gif */,
				349746110F0B8D49007852B4 /* 6cb1dc388b9259565efedef8f336d27d.gif */,
				349746120F0B8D49007852B4 /* 72ddf2c585fe77dd0be731b19624d8cb.gif */,
				349746130F0B8D49007852B4 /* 8073c1716e75d32eb79f97a9f521fa01.gif */,
				349746140F0B8D49007852B4 /* 843739a95294fd0bf4c958840b46408f.gif */,
				349746150F0B8D49007852B4 /* 846277f0a154dc95a08594b7d32a5ccd.gif */,
				349746160F0B8D49007852B4 /* 85ef5fa01a6a67a525429f8bf4279fe7.gif */,
				349746170F0B8D49007852B4 /* 8600839dc03e6275b53fd03a0eba09cf.gif */,
				349746180F0B8D49007852B4 /* 8738c7a1c402f41b5319abe504ce9687.gif */,
				349746190F0B8D49007852B4 /* 8863234ebea13f109c9b15ba19a4531c.gif */,
				3497461A0F0B8D49007852B4 /* 8eb05ca7a32301ba16c9496bcad893c4.gif */,
				3497461B0F0B8D49007852B4 /* 900f3dd0adaad9142d567caf6bfb1311.gif */,
				3497461C0F0B8D49007852B4 /* 919b87048fdf7bd59dae457f4284b20b.gif */,
				899F50E90F1298C40057BBA0 /* 92b595a573d25dd5e39a57b5d56d4d03.gif */,
				3497461D0F0B8D49007852B4 /* 9454d15bcaf411b159dcc147ebc3f0eb.gif */,
				3497461E0F0B8D49007852B4 /* 95ace5ba1097301b5206a9e0fb431624.gif */,
				3497461F0F0B8D49007852B4 /* 95e69aa508d4bb435706b9db0a610dad.gif */,
				349746200F0B8D49007852B4 /* 96872d481bbfe87aad5aed976c7de4ee.gif */,
				349746210F0B8D49007852B4 /* 986ecf2b1ae69072e0195b0a58545900.gif */,
				349746220F0B8D49007852B4 /* 99ef3957ef779718546752b749bdeabd.gif */,
				349746230F0B8D49007852B4 /* 9b6f4864c822e1a97c98507c2b41a74f.gif */,
				349746240F0B8D49007852B4 /* 9ed224b628ed26d11e46e42138b95ac2.gif */,
				349746250F0B8D49007852B4 /* a08ed27ec14b48d4703f53f7eb94834b.gif */,
				349746260F0B8D49007852B4 /* a55bdb344892676b0fea545354654a49.gif */,
				349746270F0B8D49007852B4 /* a5ae31c4185bc60cd006650dc10f8147.gif */,
				349746280F0B8D49007852B4 /* a709dab8ddd26bd222466d31bd549579.png */,
				349746290F0B8D49007852B4 /* a9560787e93f4f8890e4bd38696ba537.gif */,
				3497462A0F0B8D49007852B4 /* aabbc82c2b0dc72bfbce2f82c97a95e8.gif */,
				3497462B0F0B8D49007852B4 /* b0b0596acce9ffc1f2a27548aa642eaf.gif */,
				3497462C0F0B8D49007852B4 /* b62d1e55e8311af5bc7526c595ac1dbb.gif */,
				3497462D0F0B8D49007852B4 /* b82e3225c92a764d225429a6487d9f04.gif */,
				3497462E0F0B8D49007852B4 /* c1c9870cf653fa3cd103d2eb0f519ccb.gif */,
				3497462F0F0B8D49007852B4 /* ced6d40bebe2d424b59322b311fc04bb.gif */,
				349746300F0B8D49007852B4 /* d1a6f08507b126ec6a215e6a2372e8bb.gif */,
				349746310F0B8D49007852B4 /* db4c4a7d141fdcaca4d4b11f8fb360db.gif */,
				349746320F0B8D49007852B4 /* e3baa9d0d78c35e955a6b07c39f530fa.gif */,
				349746330F0B8D49007852B4 /* e49c8ae965452550c98fc7f99741ae0d.gif */,
				349746340F0B8D49007852B4 /* e6bb16b6ef386c5f23900b103dbdba31.gif */,
				349746350F0B8D49007852B4 /* e8ed6c7eed76d2acd9dbf469f29fbec2.gif */,
				349746360F0B8D49007852B4 /* ed3620ff28a02e3dc9ac4ffa8e6ae2e6.gif */,
				349746370F0B8D49007852B4 /* f053074bcce500fbd1e2327d49748a6d.gif */,
				349746380F0B8D49007852B4 /* ff124032f8cc3a9d43b99e661f8fcb4d.gif */,
			);
			path = statics;
			sourceTree = "<group>";
		};
		34CB4D240EAFDDA80089842C /* External */ = {
			isa = PBXGroup;
			children = (
				34CB4D250EAFDDA80089842C /* RegexKitLite.h */,
				34CB4D260EAFDDA80089842C /* RegexKitLite.m */,
			);
			path = External;
			sourceTree = "<group>";
		};
/* End PBXGroup section */

/* Begin PBXNativeTarget section */
		1D6058900D05DD3D006BFB54 /* iPlurk */ = {
			isa = PBXNativeTarget;
			buildConfigurationList = 1D6058960D05DD3E006BFB54 /* Build configuration list for PBXNativeTarget "iPlurk" */;
			buildPhases = (
				1D60588D0D05DD3D006BFB54 /* Resources */,
				1D60588E0D05DD3D006BFB54 /* Sources */,
				1D60588F0D05DD3D006BFB54 /* Frameworks */,
				343684070EB786D700C7524A /* CopyFiles */,
			);
			buildRules = (
			);
			dependencies = (
			);
			name = iPlurk;
			productName = iPlurk;
			productReference = 1D6058910D05DD3D006BFB54 /* iPlurk.app */;
			productType = "com.apple.product-type.application";
		};
/* End PBXNativeTarget section */

/* Begin PBXProject section */
		29B97313FDCFA39411CA2CEA /* Project object */ = {
			isa = PBXProject;
			buildConfigurationList = C01FCF4E08A954540054247B /* Build configuration list for PBXProject "iPlurk" */;
			compatibilityVersion = "Xcode 3.1";
			hasScannedForEncodings = 1;
			mainGroup = 29B97314FDCFA39411CA2CEA /* CustomTemplate */;
			projectDirPath = "";
			projectRoot = "";
			targets = (
				1D6058900D05DD3D006BFB54 /* iPlurk */,
			);
		};
/* End PBXProject section */

/* Begin PBXResourcesBuildPhase section */
		1D60588D0D05DD3D006BFB54 /* Resources */ = {
			isa = PBXResourcesBuildPhase;
			buildActionMask = 2147483647;
			files = (
				343682C70EB779F000C7524A /* PlurkResponsesDisplay.html in Resources */,
				343682C80EB779F000C7524A /* PlurkResponsesSingleResponse.html in Resources */,
				343682C90EB779F000C7524A /* ButtonTableViewCell.xib in Resources */,
				343682CB0EB779F000C7524A /* LoadMorePlurksCell.xib in Resources */,
				343682CC0EB779F000C7524A /* MainWindow.xib in Resources */,
				343682CD0EB779F000C7524A /* PlurkEntryTableViewCell.xib in Resources */,
				343682CE0EB779F000C7524A /* PlurkPlainTextTableViewCell.xib in Resources */,
				343682CF0EB779F000C7524A /* PlurkQualifierTableViewCell.xib in Resources */,
				343682D00EB779F000C7524A /* PlurkResponsesView.xib in Resources */,
				343682D10EB779F000C7524A /* PlurkRichTextTableViewCell.xib in Resources */,
				343682D20EB779F000C7524A /* QualifierSelectorTableView.xib in Resources */,
				343682D30EB779F000C7524A /* UserTimetableTableView.xib in Resources */,
				343682D40EB779F000C7524A /* SetupView.xib in Resources */,
				343682D80EB779F000C7524A /* WebPagePreview.xib in Resources */,
				343682D90EB779F000C7524A /* WritePlurkTableView.xib in Resources */,
				343682DA0EB779F000C7524A /* Default.png in Resources */,
				343682DC0EB779F000C7524A /* PlurkLogo.png in Resources */,
				343682DD0EB779F000C7524A /* PrivatePlurk.png in Resources */,
				343682DE0EB779F000C7524A /* SelectedUnreadIndicator.png in Resources */,
				343682DF0EB779F000C7524A /* UnreadIndicator.png in Resources */,
				343682E60EB77A3C00C7524A /* Settings.bundle in Resources */,
				343684CD0EB797B000C7524A /* PlurkURLs.plist in Resources */,
				343684CE0EB797B000C7524A /* Qualifiers.plist in Resources */,
				343686300EB7BAE600C7524A /* NoAvatarAvailable.png in Resources */,
				89010FED0EBCDBA500E990A7 /* FileUploadPending.xib in Resources */,
				890110000EBCDD3400E990A7 /* PlurkResponsesLoading.html in Resources */,
				890110330EBCE08300E990A7 /* LargeWhiteProgressIndicator.gif in Resources */,
				896700EE0EDCD052003BEE39 /* Qualifiers.css in Resources */,
				8967013F0EDCD79C003BEE39 /* RichTextPlurkTableCell.html in Resources */,
				89E99E590EE087B10046FB0D /* Compass.png in Resources */,
				89A2B2EF0EE1ADC7009B2C82 /* Icon.png in Resources */,
				89A3B45F0EEB589300EC6DBF /* GenericPlurkTimelineView.xib in Resources */,
				89DD38F30F1BB9A300190BB5 /* Unread.png in Resources */,
				89CD0C960F3133410075FE75 /* QualifierDetails.plist in Resources */,
			);
			runOnlyForDeploymentPostprocessing = 0;
		};
/* End PBXResourcesBuildPhase section */

/* Begin PBXSourcesBuildPhase section */
		1D60588E0D05DD3D006BFB54 /* Sources */ = {
			isa = PBXSourcesBuildPhase;
			buildActionMask = 2147483647;
			files = (
				1D60589B0D05DD56006BFB54 /* main.m in Sources */,
				1D3623260D0F684500981E51 /* iPlurkAppDelegate.m in Sources */,
				34CB4D270EAFDDA80089842C /* RegexKitLite.m in Sources */,
				343682FE0EB77A6C00C7524A /* PlurkResponsesViewController.m in Sources */,
				343682FF0EB77A6C00C7524A /* QualifierSelectorTableViewController.m in Sources */,
				343683000EB77A6C00C7524A /* UserTimelineTableViewController.m in Sources */,
				343683010EB77A6C00C7524A /* SetupViewController.m in Sources */,
				343683030EB77A6C00C7524A /* WebPagePreviewController.m in Sources */,
				343683040EB77A6C00C7524A /* WritePlurkTableViewController.m in Sources */,
				343683180EB77A7400C7524A /* ButtonTableViewCell.m in Sources */,
				343683190EB77A7400C7524A /* LoadMorePlurksCell.m in Sources */,
				3436831A0EB77A7400C7524A /* PlurkEntryTableViewCell.m in Sources */,
				3436831B0EB77A7400C7524A /* PlurkPlainTextTableViewCell.m in Sources */,
				3436831C0EB77A7400C7524A /* PlurkQualifierTableViewCell.m in Sources */,
				3436831D0EB77A7400C7524A /* PlurkRichTextTableViewCell.m in Sources */,
				3436832E0EB77A7900C7524A /* MutableURLConnectionDictionary.m in Sources */,
				3436832F0EB77A7900C7524A /* Plurk.m in Sources */,
				343683300EB77A7900C7524A /* PlurkAPI.m in Sources */,
				343683310EB77A7900C7524A /* PlurkAPIRequest.m in Sources */,
				343683320EB77A7900C7524A /* PlurkFriend.m in Sources */,
				343683330EB77A7900C7524A /* ResponsePlurk.m in Sources */,
				3436833E0EB77A8D00C7524A /* FileDownloader.m in Sources */,
				3436833F0EB77A8D00C7524A /* ProfileImageCache.m in Sources */,
				343683400EB77A8D00C7524A /* WebViewManager.m in Sources */,
				343684290EB78AC400C7524A /* PlurkTableViewCell.m in Sources */,
				343684590EB78BA800C7524A /* Quartz.c in Sources */,
				89A3B46C0EEB598F00EC6DBF /* GenericPlurkTimelineViewController.m in Sources */,
				349745570F0B8B8C007852B4 /* PlurkFormatting.m in Sources */,
				89CD0CA70F3135AC0075FE75 /* Qualifiers.m in Sources */,
			);
			runOnlyForDeploymentPostprocessing = 0;
		};
/* End PBXSourcesBuildPhase section */

/* Begin XCBuildConfiguration section */
		1D6058940D05DD3E006BFB54 /* Debug */ = {
			isa = XCBuildConfiguration;
			buildSettings = {
				ALWAYS_SEARCH_USER_PATHS = NO;
				COPY_PHASE_STRIP = NO;
				GCC_DYNAMIC_NO_PIC = NO;
				GCC_OPTIMIZATION_LEVEL = 0;
				GCC_PRECOMPILE_PREFIX_HEADER = YES;
				GCC_PREFIX_HEADER = iPlurk_Prefix.pch;
				INFOPLIST_FILE = Info.plist;
				PRODUCT_NAME = iPlurk;
			};
			name = Debug;
		};
		1D6058950D05DD3E006BFB54 /* Release */ = {
			isa = XCBuildConfiguration;
			buildSettings = {
				ALWAYS_SEARCH_USER_PATHS = NO;
				COPY_PHASE_STRIP = YES;
				GCC_PRECOMPILE_PREFIX_HEADER = YES;
				GCC_PREFIX_HEADER = iPlurk_Prefix.pch;
				INFOPLIST_FILE = Info.plist;
				PRODUCT_NAME = iPlurk;
			};
			name = Release;
		};
		343684E90EB7982A00C7524A /* BetaTest */ = {
			isa = XCBuildConfiguration;
			buildSettings = {
				ADDITIONAL_SDKS = "$HOME/Library/SDKs/JSON/$(PLATFORM_NAME).sdk";
				ARCHS = "$(ARCHS_STANDARD_32_BIT)";
				CODE_SIGN_ENTITLEMENTS = dist.plist;
				CODE_SIGN_IDENTITY = "iPhone Distribution: Matthew Powers-Freeling";
				CODE_SIGN_RESOURCE_RULES_PATH = "$(SDKROOT)/ResourceRules.plist";
				GCC_C_LANGUAGE_STANDARD = c99;
				GCC_WARN_ABOUT_RETURN_TYPE = YES;
				GCC_WARN_UNUSED_VARIABLE = YES;
				OTHER_LDFLAGS = (
					"-ObjC",
					"-ljson",
				);
				PREBINDING = NO;
				PROVISIONING_PROFILE = "91F3BC47-9AB0-4E16-976E-1909DC9F0B3C";
				SDKROOT = iphoneos2.2;
			};
			name = BetaTest;
		};
		343684EA0EB7982A00C7524A /* BetaTest */ = {
			isa = XCBuildConfiguration;
			buildSettings = {
				ALWAYS_SEARCH_USER_PATHS = NO;
				COPY_PHASE_STRIP = YES;
				GCC_PRECOMPILE_PREFIX_HEADER = YES;
				GCC_PREFIX_HEADER = iPlurk_Prefix.pch;
				INFOPLIST_FILE = Info.plist;
				PRODUCT_NAME = iPlurk;
			};
			name = BetaTest;
		};
		894842C30F103BEF00EC2EB7 /* AppStore */ = {
			isa = XCBuildConfiguration;
			buildSettings = {
				ADDITIONAL_SDKS = "$HOME/Library/SDKs/JSON/$(PLATFORM_NAME).sdk";
				ARCHS = "$(ARCHS_STANDARD_32_BIT)";
				CODE_SIGN_ENTITLEMENTS = dist.plist;
				CODE_SIGN_IDENTITY = "iPhone Distribution: Anthony Freeling Ltd";
				CODE_SIGN_RESOURCE_RULES_PATH = "$(SDKROOT)/ResourceRules.plist";
				GCC_C_LANGUAGE_STANDARD = c99;
				GCC_WARN_ABOUT_RETURN_TYPE = YES;
				GCC_WARN_UNUSED_VARIABLE = YES;
				OTHER_LDFLAGS = (
					"-ObjC",
					"-ljson",
				);
				PREBINDING = NO;
				PROVISIONING_PROFILE = "FC9CF93C-7F81-4DDE-96AC-07EB8F9AA145";
				SDKROOT = iphoneos2.2;
			};
			name = AppStore;
		};
		894842C40F103BEF00EC2EB7 /* AppStore */ = {
			isa = XCBuildConfiguration;
			buildSettings = {
				ALWAYS_SEARCH_USER_PATHS = NO;
				COPY_PHASE_STRIP = YES;
				GCC_PRECOMPILE_PREFIX_HEADER = YES;
				GCC_PREFIX_HEADER = iPlurk_Prefix.pch;
				INFOPLIST_FILE = Info.plist;
				PRODUCT_NAME = iPlurk;
			};
			name = AppStore;
		};
		C01FCF4F08A954540054247B /* Debug */ = {
			isa = XCBuildConfiguration;
			buildSettings = {
				ADDITIONAL_SDKS = "$HOME/Library/SDKs/JSON/$(PLATFORM_NAME).sdk";
				ARCHS = "$(ARCHS_STANDARD_32_BIT)";
				"CODE_SIGN_IDENTITY[sdk=iphoneos*]" = "iPhone Developer: Matthew Powers-Freeling";
				CODE_SIGN_RESOURCE_RULES_PATH = "$(SDKROOT)/ResourceRules.plist";
				GCC_C_LANGUAGE_STANDARD = c99;
				GCC_WARN_ABOUT_RETURN_TYPE = YES;
				GCC_WARN_UNUSED_VARIABLE = YES;
				ONLY_ACTIVE_ARCH = YES;
				OTHER_LDFLAGS = (
					"-ObjC",
					"-ljson",
				);
				PREBINDING = NO;
				"PROVISIONING_PROFILE[sdk=iphoneos*]" = "1EE8B95C-B807-40DE-9C3C-2D3A96D61013";
				SDKROOT = iphoneos2.2;
			};
			name = Debug;
		};
		C01FCF5008A954540054247B /* Release */ = {
			isa = XCBuildConfiguration;
			buildSettings = {
				ADDITIONAL_SDKS = "$HOME/Library/SDKs/JSON/$(PLATFORM_NAME).sdk";
				ARCHS = "$(ARCHS_STANDARD_32_BIT)";
				"CODE_SIGN_IDENTITY[sdk=iphoneos*]" = "iPhone Developer: Matthew Powers-Freeling";
				CODE_SIGN_RESOURCE_RULES_PATH = "$(SDKROOT)/ResourceRules.plist";
				GCC_C_LANGUAGE_STANDARD = c99;
				GCC_WARN_ABOUT_RETURN_TYPE = YES;
				GCC_WARN_UNUSED_VARIABLE = YES;
				OTHER_LDFLAGS = (
					"-ObjC",
					"-ljson",
				);
				PREBINDING = NO;
				"PROVISIONING_PROFILE[sdk=iphoneos*]" = "1EE8B95C-B807-40DE-9C3C-2D3A96D61013";
				SDKROOT = iphoneos2.2;
			};
			name = Release;
		};
/* End XCBuildConfiguration section */

/* Begin XCConfigurationList section */
		1D6058960D05DD3E006BFB54 /* Build configuration list for PBXNativeTarget "iPlurk" */ = {
			isa = XCConfigurationList;
			buildConfigurations = (
				1D6058940D05DD3E006BFB54 /* Debug */,
				1D6058950D05DD3E006BFB54 /* Release */,
				343684EA0EB7982A00C7524A /* BetaTest */,
				894842C40F103BEF00EC2EB7 /* AppStore */,
			);
			defaultConfigurationIsVisible = 0;
			defaultConfigurationName = Release;
		};
		C01FCF4E08A954540054247B /* Build configuration list for PBXProject "iPlurk" */ = {
			isa = XCConfigurationList;
			buildConfigurations = (
				C01FCF4F08A954540054247B /* Debug */,
				C01FCF5008A954540054247B /* Release */,
				343684E90EB7982A00C7524A /* BetaTest */,
				894842C30F103BEF00EC2EB7 /* AppStore */,
			);
			defaultConfigurationIsVisible = 0;
			defaultConfigurationName = Release;
		};
/* End XCConfigurationList section */
	};
	rootObject = 29B97313FDCFA39411CA2CEA /* Project object */;
}
